// !$*UTF8*$!
{
	archiveVersion = 1;
	classes = {
	};
	objectVersion = 50;
	objects = {

/* Begin PBXBuildFile section */
		2D0F20DC24D94B3C005FFFDB /* AppDelegate.m in Sources */ = {isa = PBXBuildFile; fileRef = 2D0F20DB24D94B3C005FFFDB /* AppDelegate.m */; };
		2D0F20DF24D94B3C005FFFDB /* SceneDelegate.m in Sources */ = {isa = PBXBuildFile; fileRef = 2D0F20DE24D94B3C005FFFDB /* SceneDelegate.m */; };
		2D0F20E524D94B3C005FFFDB /* Main.storyboard in Resources */ = {isa = PBXBuildFile; fileRef = 2D0F20E324D94B3C005FFFDB /* Main.storyboard */; };
		2D0F20E724D94B3E005FFFDB /* Assets.xcassets in Resources */ = {isa = PBXBuildFile; fileRef = 2D0F20E624D94B3E005FFFDB /* Assets.xcassets */; };
		2D0F20EA24D94B3E005FFFDB /* LaunchScreen.storyboard in Resources */ = {isa = PBXBuildFile; fileRef = 2D0F20E824D94B3E005FFFDB /* LaunchScreen.storyboard */; };
		2D0F20ED24D94B3E005FFFDB /* main.m in Sources */ = {isa = PBXBuildFile; fileRef = 2D0F20EC24D94B3E005FFFDB /* main.m */; };
		2D0F20F724D94B3E005FFFDB /* OpenGL_ES_____Tests.m in Sources */ = {isa = PBXBuildFile; fileRef = 2D0F20F624D94B3E005FFFDB /* OpenGL_ES_____Tests.m */; };
		2D0F210224D94B3E005FFFDB /* OpenGL_ES_____UITests.m in Sources */ = {isa = PBXBuildFile; fileRef = 2D0F210124D94B3E005FFFDB /* OpenGL_ES_____UITests.m */; };
		2D0F211124D94C62005FFFDB /* WZCViewController.m in Sources */ = {isa = PBXBuildFile; fileRef = 2D0F211024D94C62005FFFDB /* WZCViewController.m */; };
		2D0F211424D94CE2005FFFDB /* EAGLView.m in Sources */ = {isa = PBXBuildFile; fileRef = 2D0F211324D94CE2005FFFDB /* EAGLView.m */; };
		2D0F211824D956E9005FFFDB /* sharderv.glsl in Resources */ = {isa = PBXBuildFile; fileRef = 2D0F211724D956E8005FFFDB /* sharderv.glsl */; };
		2D0F211A24D9570B005FFFDB /* sharderf.glsl in Resources */ = {isa = PBXBuildFile; fileRef = 2D0F211924D9570B005FFFDB /* sharderf.glsl */; };
		2D0F212524D96116005FFFDB /* GLESUtils.m in Sources */ = {isa = PBXBuildFile; fileRef = 2D0F211F24D96116005FFFDB /* GLESUtils.m */; };
		2D0F212624D96116005FFFDB /* GLESMath.c in Sources */ = {isa = PBXBuildFile; fileRef = 2D0F212124D96116005FFFDB /* GLESMath.c */; };
		2D0F212C24D96229005FFFDB /* UIColor+RGBA.m in Sources */ = {isa = PBXBuildFile; fileRef = 2D0F212B24D96229005FFFDB /* UIColor+RGBA.m */; };
		2D53B60524DBD408000189CB /* timg.jpeg in Resources */ = {isa = PBXBuildFile; fileRef = 2D53B60424DBD408000189CB /* timg.jpeg */; };
/* End PBXBuildFile section */

/* Begin PBXContainerItemProxy section */
		2D0F20F324D94B3E005FFFDB /* PBXContainerItemProxy */ = {
			isa = PBXContainerItemProxy;
			containerPortal = 2D0F20CF24D94B3C005FFFDB /* Project object */;
			proxyType = 1;
			remoteGlobalIDString = 2D0F20D624D94B3C005FFFDB;
			remoteInfo = "OpenGL ES 索引绘图";
		};
		2D0F20FE24D94B3E005FFFDB /* PBXContainerItemProxy */ = {
			isa = PBXContainerItemProxy;
			containerPortal = 2D0F20CF24D94B3C005FFFDB /* Project object */;
			proxyType = 1;
			remoteGlobalIDString = 2D0F20D624D94B3C005FFFDB;
			remoteInfo = "OpenGL ES 索引绘图";
		};
/* End PBXContainerItemProxy section */

/* Begin PBXFileReference section */
		2D0F20D724D94B3C005FFFDB /* OpenGL ES 索引绘图.app */ = {isa = PBXFileReference; explicitFileType = wrapper.application; includeInIndex = 0; path = "OpenGL ES 索引绘图.app"; sourceTree = BUILT_PRODUCTS_DIR; };
		2D0F20DA24D94B3C005FFFDB /* AppDelegate.h */ = {isa = PBXFileReference; lastKnownFileType = sourcecode.c.h; path = AppDelegate.h; sourceTree = "<group>"; };
		2D0F20DB24D94B3C005FFFDB /* AppDelegate.m */ = {isa = PBXFileReference; lastKnownFileType = sourcecode.c.objc; path = AppDelegate.m; sourceTree = "<group>"; };
		2D0F20DD24D94B3C005FFFDB /* SceneDelegate.h */ = {isa = PBXFileReference; lastKnownFileType = sourcecode.c.h; path = SceneDelegate.h; sourceTree = "<group>"; };
		2D0F20DE24D94B3C005FFFDB /* SceneDelegate.m */ = {isa = PBXFileReference; lastKnownFileType = sourcecode.c.objc; path = SceneDelegate.m; sourceTree = "<group>"; };
		2D0F20E424D94B3C005FFFDB /* Base */ = {isa = PBXFileReference; lastKnownFileType = file.storyboard; name = Base; path = Base.lproj/Main.storyboard; sourceTree = "<group>"; };
		2D0F20E624D94B3E005FFFDB /* Assets.xcassets */ = {isa = PBXFileReference; lastKnownFileType = folder.assetcatalog; path = Assets.xcassets; sourceTree = "<group>"; };
		2D0F20E924D94B3E005FFFDB /* Base */ = {isa = PBXFileReference; lastKnownFileType = file.storyboard; name = Base; path = Base.lproj/LaunchScreen.storyboard; sourceTree = "<group>"; };
		2D0F20EB24D94B3E005FFFDB /* Info.plist */ = {isa = PBXFileReference; lastKnownFileType = text.plist.xml; path = Info.plist; sourceTree = "<group>"; };
		2D0F20EC24D94B3E005FFFDB /* main.m */ = {isa = PBXFileReference; lastKnownFileType = sourcecode.c.objc; path = main.m; sourceTree = "<group>"; };
		2D0F20F224D94B3E005FFFDB /* OpenGL ES 索引绘图Tests.xctest */ = {isa = PBXFileReference; explicitFileType = wrapper.cfbundle; includeInIndex = 0; path = "OpenGL ES 索引绘图Tests.xctest"; sourceTree = BUILT_PRODUCTS_DIR; };
		2D0F20F624D94B3E005FFFDB /* OpenGL_ES_____Tests.m */ = {isa = PBXFileReference; lastKnownFileType = sourcecode.c.objc; path = "OpenGL_ES_____Tests.m"; sourceTree = "<group>"; };
		2D0F20F824D94B3E005FFFDB /* Info.plist */ = {isa = PBXFileReference; lastKnownFileType = text.plist.xml; path = Info.plist; sourceTree = "<group>"; };
		2D0F20FD24D94B3E005FFFDB /* OpenGL ES 索引绘图UITests.xctest */ = {isa = PBXFileReference; explicitFileType = wrapper.cfbundle; includeInIndex = 0; path = "OpenGL ES 索引绘图UITests.xctest"; sourceTree = BUILT_PRODUCTS_DIR; };
		2D0F210124D94B3E005FFFDB /* OpenGL_ES_____UITests.m */ = {isa = PBXFileReference; lastKnownFileType = sourcecode.c.objc; path = "OpenGL_ES_____UITests.m"; sourceTree = "<group>"; };
		2D0F210324D94B3E005FFFDB /* Info.plist */ = {isa = PBXFileReference; lastKnownFileType = text.plist.xml; path = Info.plist; sourceTree = "<group>"; };
		2D0F210F24D94C62005FFFDB /* WZCViewController.h */ = {isa = PBXFileReference; lastKnownFileType = sourcecode.c.h; path = WZCViewController.h; sourceTree = "<group>"; };
		2D0F211024D94C62005FFFDB /* WZCViewController.m */ = {isa = PBXFileReference; lastKnownFileType = sourcecode.c.objc; path = WZCViewController.m; sourceTree = "<group>"; };
		2D0F211224D94CE2005FFFDB /* EAGLView.h */ = {isa = PBXFileReference; lastKnownFileType = sourcecode.c.h; path = EAGLView.h; sourceTree = "<group>"; };
		2D0F211324D94CE2005FFFDB /* EAGLView.m */ = {isa = PBXFileReference; lastKnownFileType = sourcecode.c.objc; path = EAGLView.m; sourceTree = "<group>"; };
		2D0F211724D956E8005FFFDB /* sharderv.glsl */ = {isa = PBXFileReference; lastKnownFileType = text.xml; path = sharderv.glsl; sourceTree = "<group>"; };
		2D0F211924D9570B005FFFDB /* sharderf.glsl */ = {isa = PBXFileReference; lastKnownFileType = text.xml; path = sharderf.glsl; sourceTree = "<group>"; };
		2D0F211F24D96116005FFFDB /* GLESUtils.m */ = {isa = PBXFileReference; fileEncoding = 4; lastKnownFileType = sourcecode.c.objc; path = GLESUtils.m; sourceTree = "<group>"; };
		2D0F212024D96116005FFFDB /* Quaternion.h */ = {isa = PBXFileReference; fileEncoding = 4; lastKnownFileType = sourcecode.c.h; path = Quaternion.h; sourceTree = "<group>"; };
		2D0F212124D96116005FFFDB /* GLESMath.c */ = {isa = PBXFileReference; fileEncoding = 4; lastKnownFileType = sourcecode.c.c; path = GLESMath.c; sourceTree = "<group>"; };
		2D0F212224D96116005FFFDB /* GLESUtils.h */ = {isa = PBXFileReference; fileEncoding = 4; lastKnownFileType = sourcecode.c.h; path = GLESUtils.h; sourceTree = "<group>"; };
		2D0F212324D96116005FFFDB /* Vector.h */ = {isa = PBXFileReference; fileEncoding = 4; lastKnownFileType = sourcecode.c.h; path = Vector.h; sourceTree = "<group>"; };
		2D0F212424D96116005FFFDB /* GLESMath.h */ = {isa = PBXFileReference; fileEncoding = 4; lastKnownFileType = sourcecode.c.h; path = GLESMath.h; sourceTree = "<group>"; };
		2D0F212A24D96229005FFFDB /* UIColor+RGBA.h */ = {isa = PBXFileReference; lastKnownFileType = sourcecode.c.h; path = "UIColor+RGBA.h"; sourceTree = "<group>"; };
		2D0F212B24D96229005FFFDB /* UIColor+RGBA.m */ = {isa = PBXFileReference; lastKnownFileType = sourcecode.c.objc; path = "UIColor+RGBA.m"; sourceTree = "<group>"; };
		2D53B60424DBD408000189CB /* timg.jpeg */ = {isa = PBXFileReference; lastKnownFileType = image.jpeg; path = timg.jpeg; sourceTree = "<group>"; };
/* End PBXFileReference section */

/* Begin PBXFrameworksBuildPhase section */
		2D0F20D424D94B3C005FFFDB /* Frameworks */ = {
			isa = PBXFrameworksBuildPhase;
			buildActionMask = 2147483647;
			files = (
			);
			runOnlyForDeploymentPostprocessing = 0;
		};
		2D0F20EF24D94B3E005FFFDB /* Frameworks */ = {
			isa = PBXFrameworksBuildPhase;
			buildActionMask = 2147483647;
			files = (
			);
			runOnlyForDeploymentPostprocessing = 0;
		};
		2D0F20FA24D94B3E005FFFDB /* Frameworks */ = {
			isa = PBXFrameworksBuildPhase;
			buildActionMask = 2147483647;
			files = (
			);
			runOnlyForDeploymentPostprocessing = 0;
		};
/* End PBXFrameworksBuildPhase section */

/* Begin PBXGroup section */
		2D0F20CE24D94B3C005FFFDB = {
			isa = PBXGroup;
			children = (
				2D0F20D924D94B3C005FFFDB /* OpenGL ES 索引绘图 */,
				2D0F20F524D94B3E005FFFDB /* OpenGL ES 索引绘图Tests */,
				2D0F210024D94B3E005FFFDB /* OpenGL ES 索引绘图UITests */,
				2D0F20D824D94B3C005FFFDB /* Products */,
			);
			sourceTree = "<group>";
		};
		2D0F20D824D94B3C005FFFDB /* Products */ = {
			isa = PBXGroup;
			children = (
				2D0F20D724D94B3C005FFFDB /* OpenGL ES 索引绘图.app */,
				2D0F20F224D94B3E005FFFDB /* OpenGL ES 索引绘图Tests.xctest */,
				2D0F20FD24D94B3E005FFFDB /* OpenGL ES 索引绘图UITests.xctest */,
			);
			name = Products;
			sourceTree = "<group>";
		};
		2D0F20D924D94B3C005FFFDB /* OpenGL ES 索引绘图 */ = {
			isa = PBXGroup;
			children = (
				2D53B60424DBD408000189CB /* timg.jpeg */,
				2D0F211E24D96116005FFFDB /* Utils */,
				2D0F211D24D960F7005FFFDB /* tools */,
				2D0F20DA24D94B3C005FFFDB /* AppDelegate.h */,
				2D0F20DB24D94B3C005FFFDB /* AppDelegate.m */,
				2D0F20DD24D94B3C005FFFDB /* SceneDelegate.h */,
				2D0F20DE24D94B3C005FFFDB /* SceneDelegate.m */,
				2D0F210F24D94C62005FFFDB /* WZCViewController.h */,
				2D0F211024D94C62005FFFDB /* WZCViewController.m */,
				2D0F211224D94CE2005FFFDB /* EAGLView.h */,
				2D0F211324D94CE2005FFFDB /* EAGLView.m */,
				2D0F211724D956E8005FFFDB /* sharderv.glsl */,
				2D0F211924D9570B005FFFDB /* sharderf.glsl */,
				2D0F20E324D94B3C005FFFDB /* Main.storyboard */,
				2D0F20E624D94B3E005FFFDB /* Assets.xcassets */,
				2D0F20E824D94B3E005FFFDB /* LaunchScreen.storyboard */,
				2D0F20EB24D94B3E005FFFDB /* Info.plist */,
				2D0F20EC24D94B3E005FFFDB /* main.m */,
			);
			path = "OpenGL ES 索引绘图";
			sourceTree = "<group>";
		};
		2D0F20F524D94B3E005FFFDB /* OpenGL ES 索引绘图Tests */ = {
			isa = PBXGroup;
			children = (
				2D0F20F624D94B3E005FFFDB /* OpenGL_ES_____Tests.m */,
				2D0F20F824D94B3E005FFFDB /* Info.plist */,
			);
			path = "OpenGL ES 索引绘图Tests";
			sourceTree = "<group>";
		};
		2D0F210024D94B3E005FFFDB /* OpenGL ES 索引绘图UITests */ = {
			isa = PBXGroup;
			children = (
				2D0F210124D94B3E005FFFDB /* OpenGL_ES_____UITests.m */,
				2D0F210324D94B3E005FFFDB /* Info.plist */,
			);
			path = "OpenGL ES 索引绘图UITests";
			sourceTree = "<group>";
		};
		2D0F211D24D960F7005FFFDB /* tools */ = {
			isa = PBXGroup;
			children = (
				2D0F212A24D96229005FFFDB /* UIColor+RGBA.h */,
				2D0F212B24D96229005FFFDB /* UIColor+RGBA.m */,
			);
			path = tools;
			sourceTree = "<group>";
		};
		2D0F211E24D96116005FFFDB /* Utils */ = {
			isa = PBXGroup;
			children = (
				2D0F212124D96116005FFFDB /* GLESMath.c */,
				2D0F212424D96116005FFFDB /* GLESMath.h */,
				2D0F212224D96116005FFFDB /* GLESUtils.h */,
				2D0F211F24D96116005FFFDB /* GLESUtils.m */,
				2D0F212024D96116005FFFDB /* Quaternion.h */,
				2D0F212324D96116005FFFDB /* Vector.h */,
			);
			path = Utils;
			sourceTree = "<group>";
		};
/* End PBXGroup section */

/* Begin PBXNativeTarget section */
		2D0F20D624D94B3C005FFFDB /* OpenGL ES 索引绘图 */ = {
			isa = PBXNativeTarget;
			buildConfigurationList = 2D0F210624D94B3E005FFFDB /* Build configuration list for PBXNativeTarget "OpenGL ES 索引绘图" */;
			buildPhases = (
				2D0F20D324D94B3C005FFFDB /* Sources */,
				2D0F20D424D94B3C005FFFDB /* Frameworks */,
				2D0F20D524D94B3C005FFFDB /* Resources */,
			);
			buildRules = (
			);
			dependencies = (
			);
			name = "OpenGL ES 索引绘图";
			productName = "OpenGL ES 索引绘图";
			productReference = 2D0F20D724D94B3C005FFFDB /* OpenGL ES 索引绘图.app */;
			productType = "com.apple.product-type.application";
		};
		2D0F20F124D94B3E005FFFDB /* OpenGL ES 索引绘图Tests */ = {
			isa = PBXNativeTarget;
			buildConfigurationList = 2D0F210924D94B3E005FFFDB /* Build configuration list for PBXNativeTarget "OpenGL ES 索引绘图Tests" */;
			buildPhases = (
				2D0F20EE24D94B3E005FFFDB /* Sources */,
				2D0F20EF24D94B3E005FFFDB /* Frameworks */,
				2D0F20F024D94B3E005FFFDB /* Resources */,
			);
			buildRules = (
			);
			dependencies = (
				2D0F20F424D94B3E005FFFDB /* PBXTargetDependency */,
			);
			name = "OpenGL ES 索引绘图Tests";
			productName = "OpenGL ES 索引绘图Tests";
			productReference = 2D0F20F224D94B3E005FFFDB /* OpenGL ES 索引绘图Tests.xctest */;
			productType = "com.apple.product-type.bundle.unit-test";
		};
		2D0F20FC24D94B3E005FFFDB /* OpenGL ES 索引绘图UITests */ = {
			isa = PBXNativeTarget;
			buildConfigurationList = 2D0F210C24D94B3E005FFFDB /* Build configuration list for PBXNativeTarget "OpenGL ES 索引绘图UITests" */;
			buildPhases = (
				2D0F20F924D94B3E005FFFDB /* Sources */,
				2D0F20FA24D94B3E005FFFDB /* Frameworks */,
				2D0F20FB24D94B3E005FFFDB /* Resources */,
			);
			buildRules = (
			);
			dependencies = (
				2D0F20FF24D94B3E005FFFDB /* PBXTargetDependency */,
			);
			name = "OpenGL ES 索引绘图UITests";
			productName = "OpenGL ES 索引绘图UITests";
			productReference = 2D0F20FD24D94B3E005FFFDB /* OpenGL ES 索引绘图UITests.xctest */;
			productType = "com.apple.product-type.bundle.ui-testing";
		};
/* End PBXNativeTarget section */

/* Begin PBXProject section */
		2D0F20CF24D94B3C005FFFDB /* Project object */ = {
			isa = PBXProject;
			attributes = {
				LastUpgradeCheck = 1160;
				ORGANIZATIONNAME = "吴闯";
				TargetAttributes = {
					2D0F20D624D94B3C005FFFDB = {
						CreatedOnToolsVersion = 11.6;
					};
					2D0F20F124D94B3E005FFFDB = {
						CreatedOnToolsVersion = 11.6;
						TestTargetID = 2D0F20D624D94B3C005FFFDB;
					};
					2D0F20FC24D94B3E005FFFDB = {
						CreatedOnToolsVersion = 11.6;
						TestTargetID = 2D0F20D624D94B3C005FFFDB;
					};
				};
			};
			buildConfigurationList = 2D0F20D224D94B3C005FFFDB /* Build configuration list for PBXProject "OpenGL ES 索引绘图" */;
			compatibilityVersion = "Xcode 9.3";
			developmentRegion = en;
			hasScannedForEncodings = 0;
			knownRegions = (
				en,
				Base,
			);
			mainGroup = 2D0F20CE24D94B3C005FFFDB;
			productRefGroup = 2D0F20D824D94B3C005FFFDB /* Products */;
			projectDirPath = "";
			projectRoot = "";
			targets = (
				2D0F20D624D94B3C005FFFDB /* OpenGL ES 索引绘图 */,
				2D0F20F124D94B3E005FFFDB /* OpenGL ES 索引绘图Tests */,
				2D0F20FC24D94B3E005FFFDB /* OpenGL ES 索引绘图UITests */,
			);
		};
/* End PBXProject section */

/* Begin PBXResourcesBuildPhase section */
		2D0F20D524D94B3C005FFFDB /* Resources */ = {
			isa = PBXResourcesBuildPhase;
			buildActionMask = 2147483647;
			files = (
				2D0F211824D956E9005FFFDB /* sharderv.glsl in Resources */,
				2D0F20EA24D94B3E005FFFDB /* LaunchScreen.storyboard in Resources */,
				2D53B60524DBD408000189CB /* timg.jpeg in Resources */,
				2D0F20E724D94B3E005FFFDB /* Assets.xcassets in Resources */,
				2D0F211A24D9570B005FFFDB /* sharderf.glsl in Resources */,
				2D0F20E524D94B3C005FFFDB /* Main.storyboard in Resources */,
			);
			runOnlyForDeploymentPostprocessing = 0;
		};
		2D0F20F024D94B3E005FFFDB /* Resources */ = {
			isa = PBXResourcesBuildPhase;
			buildActionMask = 2147483647;
			files = (
			);
			runOnlyForDeploymentPostprocessing = 0;
		};
		2D0F20FB24D94B3E005FFFDB /* Resources */ = {
			isa = PBXResourcesBuildPhase;
			buildActionMask = 2147483647;
			files = (
			);
			runOnlyForDeploymentPostprocessing = 0;
		};
/* End PBXResourcesBuildPhase section */

/* Begin PBXSourcesBuildPhase section */
		2D0F20D324D94B3C005FFFDB /* Sources */ = {
			isa = PBXSourcesBuildPhase;
			buildActionMask = 2147483647;
			files = (
				2D0F211124D94C62005FFFDB /* WZCViewController.m in Sources */,
				2D0F20DC24D94B3C005FFFDB /* AppDelegate.m in Sources */,
				2D0F212624D96116005FFFDB /* GLESMath.c in Sources */,
				2D0F20ED24D94B3E005FFFDB /* main.m in Sources */,
				2D0F211424D94CE2005FFFDB /* EAGLView.m in Sources */,
				2D0F212C24D96229005FFFDB /* UIColor+RGBA.m in Sources */,
				2D0F212524D96116005FFFDB /* GLESUtils.m in Sources */,
				2D0F20DF24D94B3C005FFFDB /* SceneDelegate.m in Sources */,
			);
			runOnlyForDeploymentPostprocessing = 0;
		};
		2D0F20EE24D94B3E005FFFDB /* Sources */ = {
			isa = PBXSourcesBuildPhase;
			buildActionMask = 2147483647;
			files = (
				2D0F20F724D94B3E005FFFDB /* OpenGL_ES_____Tests.m in Sources */,
			);
			runOnlyForDeploymentPostprocessing = 0;
		};
		2D0F20F924D94B3E005FFFDB /* Sources */ = {
			isa = PBXSourcesBuildPhase;
			buildActionMask = 2147483647;
			files = (
				2D0F210224D94B3E005FFFDB /* OpenGL_ES_____UITests.m in Sources */,
			);
			runOnlyForDeploymentPostprocessing = 0;
		};
/* End PBXSourcesBuildPhase section */

/* Begin PBXTargetDependency section */
		2D0F20F424D94B3E005FFFDB /* PBXTargetDependency */ = {
			isa = PBXTargetDependency;
			target = 2D0F20D624D94B3C005FFFDB /* OpenGL ES 索引绘图 */;
			targetProxy = 2D0F20F324D94B3E005FFFDB /* PBXContainerItemProxy */;
		};
		2D0F20FF24D94B3E005FFFDB /* PBXTargetDependency */ = {
			isa = PBXTargetDependency;
			target = 2D0F20D624D94B3C005FFFDB /* OpenGL ES 索引绘图 */;
			targetProxy = 2D0F20FE24D94B3E005FFFDB /* PBXContainerItemProxy */;
		};
/* End PBXTargetDependency section */

/* Begin PBXVariantGroup section */
		2D0F20E324D94B3C005FFFDB /* Main.storyboard */ = {
			isa = PBXVariantGroup;
			children = (
				2D0F20E424D94B3C005FFFDB /* Base */,
			);
			name = Main.storyboard;
			sourceTree = "<group>";
		};
		2D0F20E824D94B3E005FFFDB /* LaunchScreen.storyboard */ = {
			isa = PBXVariantGroup;
			children = (
				2D0F20E924D94B3E005FFFDB /* Base */,
			);
			name = LaunchScreen.storyboard;
			sourceTree = "<group>";
		};
/* End PBXVariantGroup section */

/* Begin XCBuildConfiguration section */
		2D0F210424D94B3E005FFFDB /* Debug */ = {
			isa = XCBuildConfiguration;
			buildSettings = {
				ALWAYS_SEARCH_USER_PATHS = NO;
				CLANG_ANALYZER_NONNULL = YES;
				CLANG_ANALYZER_NUMBER_OBJECT_CONVERSION = YES_AGGRESSIVE;
				CLANG_CXX_LANGUAGE_STANDARD = "gnu++14";
				CLANG_CXX_LIBRARY = "libc++";
				CLANG_ENABLE_MODULES = YES;
				CLANG_ENABLE_OBJC_ARC = YES;
				CLANG_ENABLE_OBJC_WEAK = YES;
				CLANG_WARN_BLOCK_CAPTURE_AUTORELEASING = YES;
				CLANG_WARN_BOOL_CONVERSION = YES;
				CLANG_WARN_COMMA = YES;
				CLANG_WARN_CONSTANT_CONVERSION = YES;
				CLANG_WARN_DEPRECATED_OBJC_IMPLEMENTATIONS = YES;
				CLANG_WARN_DIRECT_OBJC_ISA_USAGE = YES_ERROR;
				CLANG_WARN_DOCUMENTATION_COMMENTS = YES;
				CLANG_WARN_EMPTY_BODY = YES;
				CLANG_WARN_ENUM_CONVERSION = YES;
				CLANG_WARN_INFINITE_RECURSION = YES;
				CLANG_WARN_INT_CONVERSION = YES;
				CLANG_WARN_NON_LITERAL_NULL_CONVERSION = YES;
				CLANG_WARN_OBJC_IMPLICIT_RETAIN_SELF = YES;
				CLANG_WARN_OBJC_LITERAL_CONVERSION = YES;
				CLANG_WARN_OBJC_ROOT_CLASS = YES_ERROR;
				CLANG_WARN_RANGE_LOOP_ANALYSIS = YES;
				CLANG_WARN_STRICT_PROTOTYPES = YES;
				CLANG_WARN_SUSPICIOUS_MOVE = YES;
				CLANG_WARN_UNGUARDED_AVAILABILITY = YES_AGGRESSIVE;
				CLANG_WARN_UNREACHABLE_CODE = YES;
				CLANG_WARN__DUPLICATE_METHOD_MATCH = YES;
				COPY_PHASE_STRIP = NO;
				DEBUG_INFORMATION_FORMAT = dwarf;
				ENABLE_STRICT_OBJC_MSGSEND = YES;
				ENABLE_TESTABILITY = YES;
				GCC_C_LANGUAGE_STANDARD = gnu11;
				GCC_DYNAMIC_NO_PIC = NO;
				GCC_NO_COMMON_BLOCKS = YES;
				GCC_OPTIMIZATION_LEVEL = 0;
				GCC_PREPROCESSOR_DEFINITIONS = (
					"DEBUG=1",
					"$(inherited)",
				);
				GCC_WARN_64_TO_32_BIT_CONVERSION = YES;
				GCC_WARN_ABOUT_RETURN_TYPE = YES_ERROR;
				GCC_WARN_UNDECLARED_SELECTOR = YES;
				GCC_WARN_UNINITIALIZED_AUTOS = YES_AGGRESSIVE;
				GCC_WARN_UNUSED_FUNCTION = YES;
				GCC_WARN_UNUSED_VARIABLE = YES;
				IPHONEOS_DEPLOYMENT_TARGET = 9.0;
				MTL_ENABLE_DEBUG_INFO = INCLUDE_SOURCE;
				MTL_FAST_MATH = YES;
				ONLY_ACTIVE_ARCH = YES;
				SDKROOT = iphoneos;
			};
			name = Debug;
		};
		2D0F210524D94B3E005FFFDB /* Release */ = {
			isa = XCBuildConfiguration;
			buildSettings = {
				ALWAYS_SEARCH_USER_PATHS = NO;
				CLANG_ANALYZER_NONNULL = YES;
				CLANG_ANALYZER_NUMBER_OBJECT_CONVERSION = YES_AGGRESSIVE;
				CLANG_CXX_LANGUAGE_STANDARD = "gnu++14";
				CLANG_CXX_LIBRARY = "libc++";
				CLANG_ENABLE_MODULES = YES;
				CLANG_ENABLE_OBJC_ARC = YES;
				CLANG_ENABLE_OBJC_WEAK = YES;
				CLANG_WARN_BLOCK_CAPTURE_AUTORELEASING = YES;
				CLANG_WARN_BOOL_CONVERSION = YES;
				CLANG_WARN_COMMA = YES;
				CLANG_WARN_CONSTANT_CONVERSION = YES;
				CLANG_WARN_DEPRECATED_OBJC_IMPLEMENTATIONS = YES;
				CLANG_WARN_DIRECT_OBJC_ISA_USAGE = YES_ERROR;
				CLANG_WARN_DOCUMENTATION_COMMENTS = YES;
				CLANG_WARN_EMPTY_BODY = YES;
				CLANG_WARN_ENUM_CONVERSION = YES;
				CLANG_WARN_INFINITE_RECURSION = YES;
				CLANG_WARN_INT_CONVERSION = YES;
				CLANG_WARN_NON_LITERAL_NULL_CONVERSION = YES;
				CLANG_WARN_OBJC_IMPLICIT_RETAIN_SELF = YES;
				CLANG_WARN_OBJC_LITERAL_CONVERSION = YES;
				CLANG_WARN_OBJC_ROOT_CLASS = YES_ERROR;
				CLANG_WARN_RANGE_LOOP_ANALYSIS = YES;
				CLANG_WARN_STRICT_PROTOTYPES = YES;
				CLANG_WARN_SUSPICIOUS_MOVE = YES;
				CLANG_WARN_UNGUARDED_AVAILABILITY = YES_AGGRESSIVE;
				CLANG_WARN_UNREACHABLE_CODE = YES;
				CLANG_WARN__DUPLICATE_METHOD_MATCH = YES;
				COPY_PHASE_STRIP = NO;
				DEBUG_INFORMATION_FORMAT = "dwarf-with-dsym";
				ENABLE_NS_ASSERTIONS = NO;
				ENABLE_STRICT_OBJC_MSGSEND = YES;
				GCC_C_LANGUAGE_STANDARD = gnu11;
				GCC_NO_COMMON_BLOCKS = YES;
				GCC_WARN_64_TO_32_BIT_CONVERSION = YES;
				GCC_WARN_ABOUT_RETURN_TYPE = YES_ERROR;
				GCC_WARN_UNDECLARED_SELECTOR = YES;
				GCC_WARN_UNINITIALIZED_AUTOS = YES_AGGRESSIVE;
				GCC_WARN_UNUSED_FUNCTION = YES;
				GCC_WARN_UNUSED_VARIABLE = YES;
				IPHONEOS_DEPLOYMENT_TARGET = 9.0;
				MTL_ENABLE_DEBUG_INFO = NO;
				MTL_FAST_MATH = YES;
				SDKROOT = iphoneos;
				VALIDATE_PRODUCT = YES;
			};
			name = Release;
		};
		2D0F210724D94B3E005FFFDB /* Debug */ = {
			isa = XCBuildConfiguration;
			buildSettings = {
				ASSETCATALOG_COMPILER_APPICON_NAME = AppIcon;
				CODE_SIGN_STYLE = Automatic;
				INFOPLIST_FILE = "OpenGL ES 索引绘图/Info.plist";
				LD_RUNPATH_SEARCH_PATHS = (
					"$(inherited)",
					"@executable_path/Frameworks",
				);
				PRODUCT_BUNDLE_IDENTIFIER = "com.wu.OpenGL-ES-----";
				PRODUCT_NAME = "$(TARGET_NAME)";
				TARGETED_DEVICE_FAMILY = "1,2";
			};
			name = Debug;
		};
		2D0F210824D94B3E005FFFDB /* Release */ = {
			isa = XCBuildConfiguration;
			buildSettings = {
				ASSETCATALOG_COMPILER_APPICON_NAME = AppIcon;
				CODE_SIGN_STYLE = Automatic;
				INFOPLIST_FILE = "OpenGL ES 索引绘图/Info.plist";
				LD_RUNPATH_SEARCH_PATHS = (
					"$(inherited)",
					"@executable_path/Frameworks",
				);
				PRODUCT_BUNDLE_IDENTIFIER = "com.wu.OpenGL-ES-----";
				PRODUCT_NAME = "$(TARGET_NAME)";
				TARGETED_DEVICE_FAMILY = "1,2";
			};
			name = Release;
		};
		2D0F210A24D94B3E005FFFDB /* Debug */ = {
			isa = XCBuildConfiguration;
			buildSettings = {
				BUNDLE_LOADER = "$(TEST_HOST)";
				CODE_SIGN_STYLE = Automatic;
				INFOPLIST_FILE = "OpenGL ES 索引绘图Tests/Info.plist";
				IPHONEOS_DEPLOYMENT_TARGET = 13.6;
				LD_RUNPATH_SEARCH_PATHS = (
					"$(inherited)",
					"@executable_path/Frameworks",
					"@loader_path/Frameworks",
				);
				PRODUCT_BUNDLE_IDENTIFIER = "com.wu.OpenGL-ES-----Tests";
				PRODUCT_NAME = "$(TARGET_NAME)";
				TARGETED_DEVICE_FAMILY = "1,2";
				TEST_HOST = "$(BUILT_PRODUCTS_DIR)/OpenGL ES 索引绘图.app/OpenGL ES 索引绘图";
			};
			name = Debug;
		};
		2D0F210B24D94B3E005FFFDB /* Release */ = {
			isa = XCBuildConfiguration;
			buildSettings = {
				BUNDLE_LOADER = "$(TEST_HOST)";
				CODE_SIGN_STYLE = Automatic;
				INFOPLIST_FILE = "OpenGL ES 索引绘图Tests/Info.plist";
				IPHONEOS_DEPLOYMENT_TARGET = 13.6;
				LD_RUNPATH_SEARCH_PATHS = (
					"$(inherited)",
					"@executable_path/Frameworks",
					"@loader_path/Frameworks",
				);
				PRODUCT_BUNDLE_IDENTIFIER = "com.wu.OpenGL-ES-----Tests";
				PRODUCT_NAME = "$(TARGET_NAME)";
				TARGETED_DEVICE_FAMILY = "1,2";
				TEST_HOST = "$(BUILT_PRODUCTS_DIR)/OpenGL ES 索引绘图.app/OpenGL ES 索引绘图";
			};
			name = Release;
		};
		2D0F210D24D94B3E005FFFDB /* Debug */ = {
			isa = XCBuildConfiguration;
			buildSettings = {
				CODE_SIGN_STYLE = Automatic;
				INFOPLIST_FILE = "OpenGL ES 索引绘图UITests/Info.plist";
				LD_RUNPATH_SEARCH_PATHS = (
					"$(inherited)",
					"@executable_path/Frameworks",
					"@loader_path/Frameworks",
				);
				PRODUCT_BUNDLE_IDENTIFIER = "com.wu.OpenGL-ES-----UITests";
				PRODUCT_NAME = "$(TARGET_NAME)";
				TARGETED_DEVICE_FAMILY = "1,2";
				TEST_TARGET_NAME = "OpenGL ES 索引绘图";
			};
			name = Debug;
		};
		2D0F210E24D94B3E005FFFDB /* Release */ = {
			isa = XCBuildConfiguration;
			buildSettings = {
				CODE_SIGN_STYLE = Automatic;
				INFOPLIST_FILE = "OpenGL ES 索引绘图UITests/Info.plist";
				LD_RUNPATH_SEARCH_PATHS = (
					"$(inherited)",
					"@executable_path/Frameworks",
					"@loader_path/Frameworks",
				);
				PRODUCT_BUNDLE_IDENTIFIER = "com.wu.OpenGL-ES-----UITests";
				PRODUCT_NAME = "$(TARGET_NAME)";
				TARGETED_DEVICE_FAMILY = "1,2";
				TEST_TARGET_NAME = "OpenGL ES 索引绘图";
			};
			name = Release;
		};
/* End XCBuildConfiguration section */

/* Begin XCConfigurationList section */
		2D0F20D224D94B3C005FFFDB /* Build configuration list for PBXProject "OpenGL ES 索引绘图" */ = {
			isa = XCConfigurationList;
			buildConfigurations = (
				2D0F210424D94B3E005FFFDB /* Debug */,
				2D0F210524D94B3E005FFFDB /* Release */,
			);
			defaultConfigurationIsVisible = 0;
			defaultConfigurationName = Release;
		};
		2D0F210624D94B3E005FFFDB /* Build configuration list for PBXNativeTarget "OpenGL ES 索引绘图" */ = {
			isa = XCConfigurationList;
			buildConfigurations = (
				2D0F210724D94B3E005FFFDB /* Debug */,
				2D0F210824D94B3E005FFFDB /* Release */,
			);
			defaultConfigurationIsVisible = 0;
			defaultConfigurationName = Release;
		};
		2D0F210924D94B3E005FFFDB /* Build configuration list for PBXNativeTarget "OpenGL ES 索引绘图Tests" */ = {
			isa = XCConfigurationList;
			buildConfigurations = (
				2D0F210A24D94B3E005FFFDB /* Debug */,
				2D0F210B24D94B3E005FFFDB /* Release */,
			);
			defaultConfigurationIsVisible = 0;
			defaultConfigurationName = Release;
		};
		2D0F210C24D94B3E005FFFDB /* Build configuration list for PBXNativeTarget "OpenGL ES 索引绘图UITests" */ = {
			isa = XCConfigurationList;
			buildConfigurations = (
				2D0F210D24D94B3E005FFFDB /* Debug */,
				2D0F210E24D94B3E005FFFDB /* Release */,
			);
			defaultConfigurationIsVisible = 0;
			defaultConfigurationName = Release;
		};
/* End XCConfigurationList section */
	};
	rootObject = 2D0F20CF24D94B3C005FFFDB /* Project object */;
}
