// !$*UTF8*$!
{
	archiveVersion = 1;
	classes = {
	};
	objectVersion = 50;
	objects = {

/* Begin PBXBuildFile section */
		2D53B61F24DBF9F9000189CB /* AppDelegate.m in Sources */ = {isa = PBXBuildFile; fileRef = 2D53B61E24DBF9F9000189CB /* AppDelegate.m */; };
		2D53B62224DBF9F9000189CB /* SceneDelegate.m in Sources */ = {isa = PBXBuildFile; fileRef = 2D53B62124DBF9F9000189CB /* SceneDelegate.m */; };
		2D53B62524DBF9F9000189CB /* ViewController.m in Sources */ = {isa = PBXBuildFile; fileRef = 2D53B62424DBF9F9000189CB /* ViewController.m */; };
		2D53B62824DBF9F9000189CB /* Main.storyboard in Resources */ = {isa = PBXBuildFile; fileRef = 2D53B62624DBF9F9000189CB /* Main.storyboard */; };
		2D53B62A24DBF9FC000189CB /* Assets.xcassets in Resources */ = {isa = PBXBuildFile; fileRef = 2D53B62924DBF9FC000189CB /* Assets.xcassets */; };
		2D53B62D24DBF9FC000189CB /* LaunchScreen.storyboard in Resources */ = {isa = PBXBuildFile; fileRef = 2D53B62B24DBF9FC000189CB /* LaunchScreen.storyboard */; };
		2D53B63024DBF9FC000189CB /* main.m in Sources */ = {isa = PBXBuildFile; fileRef = 2D53B62F24DBF9FC000189CB /* main.m */; };
		2D53B63A24DBF9FC000189CB /* OpenGL_ES_____Tests.m in Sources */ = {isa = PBXBuildFile; fileRef = 2D53B63924DBF9FC000189CB /* OpenGL_ES_____Tests.m */; };
		2D53B64524DBF9FC000189CB /* OpenGL_ES_____UITests.m in Sources */ = {isa = PBXBuildFile; fileRef = 2D53B64424DBF9FC000189CB /* OpenGL_ES_____UITests.m */; };
/* End PBXBuildFile section */

/* Begin PBXContainerItemProxy section */
		2D53B63624DBF9FC000189CB /* PBXContainerItemProxy */ = {
			isa = PBXContainerItemProxy;
			containerPortal = 2D53B61224DBF9F9000189CB /* Project object */;
			proxyType = 1;
			remoteGlobalIDString = 2D53B61924DBF9F9000189CB;
			remoteInfo = "OpenGL ES 粒子效果";
		};
		2D53B64124DBF9FC000189CB /* PBXContainerItemProxy */ = {
			isa = PBXContainerItemProxy;
			containerPortal = 2D53B61224DBF9F9000189CB /* Project object */;
			proxyType = 1;
			remoteGlobalIDString = 2D53B61924DBF9F9000189CB;
			remoteInfo = "OpenGL ES 粒子效果";
		};
/* End PBXContainerItemProxy section */

/* Begin PBXFileReference section */
		2D53B61A24DBF9F9000189CB /* OpenGL ES 粒子效果.app */ = {isa = PBXFileReference; explicitFileType = wrapper.application; includeInIndex = 0; path = "OpenGL ES 粒子效果.app"; sourceTree = BUILT_PRODUCTS_DIR; };
		2D53B61D24DBF9F9000189CB /* AppDelegate.h */ = {isa = PBXFileReference; lastKnownFileType = sourcecode.c.h; path = AppDelegate.h; sourceTree = "<group>"; };
		2D53B61E24DBF9F9000189CB /* AppDelegate.m */ = {isa = PBXFileReference; lastKnownFileType = sourcecode.c.objc; path = AppDelegate.m; sourceTree = "<group>"; };
		2D53B62024DBF9F9000189CB /* SceneDelegate.h */ = {isa = PBXFileReference; lastKnownFileType = sourcecode.c.h; path = SceneDelegate.h; sourceTree = "<group>"; };
		2D53B62124DBF9F9000189CB /* SceneDelegate.m */ = {isa = PBXFileReference; lastKnownFileType = sourcecode.c.objc; path = SceneDelegate.m; sourceTree = "<group>"; };
		2D53B62324DBF9F9000189CB /* ViewController.h */ = {isa = PBXFileReference; lastKnownFileType = sourcecode.c.h; path = ViewController.h; sourceTree = "<group>"; };
		2D53B62424DBF9F9000189CB /* ViewController.m */ = {isa = PBXFileReference; lastKnownFileType = sourcecode.c.objc; path = ViewController.m; sourceTree = "<group>"; };
		2D53B62724DBF9F9000189CB /* Base */ = {isa = PBXFileReference; lastKnownFileType = file.storyboard; name = Base; path = Base.lproj/Main.storyboard; sourceTree = "<group>"; };
		2D53B62924DBF9FC000189CB /* Assets.xcassets */ = {isa = PBXFileReference; lastKnownFileType = folder.assetcatalog; path = Assets.xcassets; sourceTree = "<group>"; };
		2D53B62C24DBF9FC000189CB /* Base */ = {isa = PBXFileReference; lastKnownFileType = file.storyboard; name = Base; path = Base.lproj/LaunchScreen.storyboard; sourceTree = "<group>"; };
		2D53B62E24DBF9FC000189CB /* Info.plist */ = {isa = PBXFileReference; lastKnownFileType = text.plist.xml; path = Info.plist; sourceTree = "<group>"; };
		2D53B62F24DBF9FC000189CB /* main.m */ = {isa = PBXFileReference; lastKnownFileType = sourcecode.c.objc; path = main.m; sourceTree = "<group>"; };
		2D53B63524DBF9FC000189CB /* OpenGL ES 粒子效果Tests.xctest */ = {isa = PBXFileReference; explicitFileType = wrapper.cfbundle; includeInIndex = 0; path = "OpenGL ES 粒子效果Tests.xctest"; sourceTree = BUILT_PRODUCTS_DIR; };
		2D53B63924DBF9FC000189CB /* OpenGL_ES_____Tests.m */ = {isa = PBXFileReference; lastKnownFileType = sourcecode.c.objc; path = "OpenGL_ES_____Tests.m"; sourceTree = "<group>"; };
		2D53B63B24DBF9FC000189CB /* Info.plist */ = {isa = PBXFileReference; lastKnownFileType = text.plist.xml; path = Info.plist; sourceTree = "<group>"; };
		2D53B64024DBF9FC000189CB /* OpenGL ES 粒子效果UITests.xctest */ = {isa = PBXFileReference; explicitFileType = wrapper.cfbundle; includeInIndex = 0; path = "OpenGL ES 粒子效果UITests.xctest"; sourceTree = BUILT_PRODUCTS_DIR; };
		2D53B64424DBF9FC000189CB /* OpenGL_ES_____UITests.m */ = {isa = PBXFileReference; lastKnownFileType = sourcecode.c.objc; path = "OpenGL_ES_____UITests.m"; sourceTree = "<group>"; };
		2D53B64624DBF9FC000189CB /* Info.plist */ = {isa = PBXFileReference; lastKnownFileType = text.plist.xml; path = Info.plist; sourceTree = "<group>"; };
/* End PBXFileReference section */

/* Begin PBXFrameworksBuildPhase section */
		2D53B61724DBF9F9000189CB /* Frameworks */ = {
			isa = PBXFrameworksBuildPhase;
			buildActionMask = 2147483647;
			files = (
			);
			runOnlyForDeploymentPostprocessing = 0;
		};
		2D53B63224DBF9FC000189CB /* Frameworks */ = {
			isa = PBXFrameworksBuildPhase;
			buildActionMask = 2147483647;
			files = (
			);
			runOnlyForDeploymentPostprocessing = 0;
		};
		2D53B63D24DBF9FC000189CB /* Frameworks */ = {
			isa = PBXFrameworksBuildPhase;
			buildActionMask = 2147483647;
			files = (
			);
			runOnlyForDeploymentPostprocessing = 0;
		};
/* End PBXFrameworksBuildPhase section */

/* Begin PBXGroup section */
		2D53B61124DBF9F9000189CB = {
			isa = PBXGroup;
			children = (
				2D53B61C24DBF9F9000189CB /* OpenGL ES 粒子效果 */,
				2D53B63824DBF9FC000189CB /* OpenGL ES 粒子效果Tests */,
				2D53B64324DBF9FC000189CB /* OpenGL ES 粒子效果UITests */,
				2D53B61B24DBF9F9000189CB /* Products */,
			);
			sourceTree = "<group>";
		};
		2D53B61B24DBF9F9000189CB /* Products */ = {
			isa = PBXGroup;
			children = (
				2D53B61A24DBF9F9000189CB /* OpenGL ES 粒子效果.app */,
				2D53B63524DBF9FC000189CB /* OpenGL ES 粒子效果Tests.xctest */,
				2D53B64024DBF9FC000189CB /* OpenGL ES 粒子效果UITests.xctest */,
			);
			name = Products;
			sourceTree = "<group>";
		};
		2D53B61C24DBF9F9000189CB /* OpenGL ES 粒子效果 */ = {
			isa = PBXGroup;
			children = (
				2D53B61D24DBF9F9000189CB /* AppDelegate.h */,
				2D53B61E24DBF9F9000189CB /* AppDelegate.m */,
				2D53B62024DBF9F9000189CB /* SceneDelegate.h */,
				2D53B62124DBF9F9000189CB /* SceneDelegate.m */,
				2D53B62324DBF9F9000189CB /* ViewController.h */,
				2D53B62424DBF9F9000189CB /* ViewController.m */,
				2D53B62624DBF9F9000189CB /* Main.storyboard */,
				2D53B62924DBF9FC000189CB /* Assets.xcassets */,
				2D53B62B24DBF9FC000189CB /* LaunchScreen.storyboard */,
				2D53B62E24DBF9FC000189CB /* Info.plist */,
				2D53B62F24DBF9FC000189CB /* main.m */,
			);
			path = "OpenGL ES 粒子效果";
			sourceTree = "<group>";
		};
		2D53B63824DBF9FC000189CB /* OpenGL ES 粒子效果Tests */ = {
			isa = PBXGroup;
			children = (
				2D53B63924DBF9FC000189CB /* OpenGL_ES_____Tests.m */,
				2D53B63B24DBF9FC000189CB /* Info.plist */,
			);
			path = "OpenGL ES 粒子效果Tests";
			sourceTree = "<group>";
		};
		2D53B64324DBF9FC000189CB /* OpenGL ES 粒子效果UITests */ = {
			isa = PBXGroup;
			children = (
				2D53B64424DBF9FC000189CB /* OpenGL_ES_____UITests.m */,
				2D53B64624DBF9FC000189CB /* Info.plist */,
			);
			path = "OpenGL ES 粒子效果UITests";
			sourceTree = "<group>";
		};
/* End PBXGroup section */

/* Begin PBXNativeTarget section */
		2D53B61924DBF9F9000189CB /* OpenGL ES 粒子效果 */ = {
			isa = PBXNativeTarget;
			buildConfigurationList = 2D53B64924DBF9FC000189CB /* Build configuration list for PBXNativeTarget "OpenGL ES 粒子效果" */;
			buildPhases = (
				2D53B61624DBF9F9000189CB /* Sources */,
				2D53B61724DBF9F9000189CB /* Frameworks */,
				2D53B61824DBF9F9000189CB /* Resources */,
			);
			buildRules = (
			);
			dependencies = (
			);
			name = "OpenGL ES 粒子效果";
			productName = "OpenGL ES 粒子效果";
			productReference = 2D53B61A24DBF9F9000189CB /* OpenGL ES 粒子效果.app */;
			productType = "com.apple.product-type.application";
		};
		2D53B63424DBF9FC000189CB /* OpenGL ES 粒子效果Tests */ = {
			isa = PBXNativeTarget;
			buildConfigurationList = 2D53B64C24DBF9FC000189CB /* Build configuration list for PBXNativeTarget "OpenGL ES 粒子效果Tests" */;
			buildPhases = (
				2D53B63124DBF9FC000189CB /* Sources */,
				2D53B63224DBF9FC000189CB /* Frameworks */,
				2D53B63324DBF9FC000189CB /* Resources */,
			);
			buildRules = (
			);
			dependencies = (
				2D53B63724DBF9FC000189CB /* PBXTargetDependency */,
			);
			name = "OpenGL ES 粒子效果Tests";
			productName = "OpenGL ES 粒子效果Tests";
			productReference = 2D53B63524DBF9FC000189CB /* OpenGL ES 粒子效果Tests.xctest */;
			productType = "com.apple.product-type.bundle.unit-test";
		};
		2D53B63F24DBF9FC000189CB /* OpenGL ES 粒子效果UITests */ = {
			isa = PBXNativeTarget;
			buildConfigurationList = 2D53B64F24DBF9FC000189CB /* Build configuration list for PBXNativeTarget "OpenGL ES 粒子效果UITests" */;
			buildPhases = (
				2D53B63C24DBF9FC000189CB /* Sources */,
				2D53B63D24DBF9FC000189CB /* Frameworks */,
				2D53B63E24DBF9FC000189CB /* Resources */,
			);
			buildRules = (
			);
			dependencies = (
				2D53B64224DBF9FC000189CB /* PBXTargetDependency */,
			);
			name = "OpenGL ES 粒子效果UITests";
			productName = "OpenGL ES 粒子效果UITests";
			productReference = 2D53B64024DBF9FC000189CB /* OpenGL ES 粒子效果UITests.xctest */;
			productType = "com.apple.product-type.bundle.ui-testing";
		};
/* End PBXNativeTarget section */

/* Begin PBXProject section */
		2D53B61224DBF9F9000189CB /* Project object */ = {
			isa = PBXProject;
			attributes = {
				LastUpgradeCheck = 1160;
				ORGANIZATIONNAME = "吴闯";
				TargetAttributes = {
					2D53B61924DBF9F9000189CB = {
						CreatedOnToolsVersion = 11.6;
					};
					2D53B63424DBF9FC000189CB = {
						CreatedOnToolsVersion = 11.6;
						TestTargetID = 2D53B61924DBF9F9000189CB;
					};
					2D53B63F24DBF9FC000189CB = {
						CreatedOnToolsVersion = 11.6;
						TestTargetID = 2D53B61924DBF9F9000189CB;
					};
				};
			};
			buildConfigurationList = 2D53B61524DBF9F9000189CB /* Build configuration list for PBXProject "OpenGL ES 粒子效果" */;
			compatibilityVersion = "Xcode 9.3";
			developmentRegion = en;
			hasScannedForEncodings = 0;
			knownRegions = (
				en,
				Base,
			);
			mainGroup = 2D53B61124DBF9F9000189CB;
			productRefGroup = 2D53B61B24DBF9F9000189CB /* Products */;
			projectDirPath = "";
			projectRoot = "";
			targets = (
				2D53B61924DBF9F9000189CB /* OpenGL ES 粒子效果 */,
				2D53B63424DBF9FC000189CB /* OpenGL ES 粒子效果Tests */,
				2D53B63F24DBF9FC000189CB /* OpenGL ES 粒子效果UITests */,
			);
		};
/* End PBXProject section */

/* Begin PBXResourcesBuildPhase section */
		2D53B61824DBF9F9000189CB /* Resources */ = {
			isa = PBXResourcesBuildPhase;
			buildActionMask = 2147483647;
			files = (
				2D53B62D24DBF9FC000189CB /* LaunchScreen.storyboard in Resources */,
				2D53B62A24DBF9FC000189CB /* Assets.xcassets in Resources */,
				2D53B62824DBF9F9000189CB /* Main.storyboard in Resources */,
			);
			runOnlyForDeploymentPostprocessing = 0;
		};
		2D53B63324DBF9FC000189CB /* Resources */ = {
			isa = PBXResourcesBuildPhase;
			buildActionMask = 2147483647;
			files = (
			);
			runOnlyForDeploymentPostprocessing = 0;
		};
		2D53B63E24DBF9FC000189CB /* Resources */ = {
			isa = PBXResourcesBuildPhase;
			buildActionMask = 2147483647;
			files = (
			);
			runOnlyForDeploymentPostprocessing = 0;
		};
/* End PBXResourcesBuildPhase section */

/* Begin PBXSourcesBuildPhase section */
		2D53B61624DBF9F9000189CB /* Sources */ = {
			isa = PBXSourcesBuildPhase;
			buildActionMask = 2147483647;
			files = (
				2D53B62524DBF9F9000189CB /* ViewController.m in Sources */,
				2D53B61F24DBF9F9000189CB /* AppDelegate.m in Sources */,
				2D53B63024DBF9FC000189CB /* main.m in Sources */,
				2D53B62224DBF9F9000189CB /* SceneDelegate.m in Sources */,
			);
			runOnlyForDeploymentPostprocessing = 0;
		};
		2D53B63124DBF9FC000189CB /* Sources */ = {
			isa = PBXSourcesBuildPhase;
			buildActionMask = 2147483647;
			files = (
				2D53B63A24DBF9FC000189CB /* OpenGL_ES_____Tests.m in Sources */,
			);
			runOnlyForDeploymentPostprocessing = 0;
		};
		2D53B63C24DBF9FC000189CB /* Sources */ = {
			isa = PBXSourcesBuildPhase;
			buildActionMask = 2147483647;
			files = (
				2D53B64524DBF9FC000189CB /* OpenGL_ES_____UITests.m in Sources */,
			);
			runOnlyForDeploymentPostprocessing = 0;
		};
/* End PBXSourcesBuildPhase section */

/* Begin PBXTargetDependency section */
		2D53B63724DBF9FC000189CB /* PBXTargetDependency */ = {
			isa = PBXTargetDependency;
			target = 2D53B61924DBF9F9000189CB /* OpenGL ES 粒子效果 */;
			targetProxy = 2D53B63624DBF9FC000189CB /* PBXContainerItemProxy */;
		};
		2D53B64224DBF9FC000189CB /* PBXTargetDependency */ = {
			isa = PBXTargetDependency;
			target = 2D53B61924DBF9F9000189CB /* OpenGL ES 粒子效果 */;
			targetProxy = 2D53B64124DBF9FC000189CB /* PBXContainerItemProxy */;
		};
/* End PBXTargetDependency section */

/* Begin PBXVariantGroup section */
		2D53B62624DBF9F9000189CB /* Main.storyboard */ = {
			isa = PBXVariantGroup;
			children = (
				2D53B62724DBF9F9000189CB /* Base */,
			);
			name = Main.storyboard;
			sourceTree = "<group>";
		};
		2D53B62B24DBF9FC000189CB /* LaunchScreen.storyboard */ = {
			isa = PBXVariantGroup;
			children = (
				2D53B62C24DBF9FC000189CB /* Base */,
			);
			name = LaunchScreen.storyboard;
			sourceTree = "<group>";
		};
/* End PBXVariantGroup section */

/* Begin XCBuildConfiguration section */
		2D53B64724DBF9FC000189CB /* Debug */ = {
			isa = XCBuildConfiguration;
			buildSettings = {
				ALWAYS_SEARCH_USER_PATHS = NO;
				CLANG_ANALYZER_NONNULL = YES;
				CLANG_ANALYZER_NUMBER_OBJECT_CONVERSION = YES_AGGRESSIVE;
				CLANG_CXX_LANGUAGE_STANDARD = "gnu++14";
				CLANG_CXX_LIBRARY = "libc++";
				CLANG_ENABLE_MODULES = YES;
				CLANG_ENABLE_OBJC_ARC = YES;
				CLANG_ENABLE_OBJC_WEAK = YES;
				CLANG_WARN_BLOCK_CAPTURE_AUTORELEASING = YES;
				CLANG_WARN_BOOL_CONVERSION = YES;
				CLANG_WARN_COMMA = YES;
				CLANG_WARN_CONSTANT_CONVERSION = YES;
				CLANG_WARN_DEPRECATED_OBJC_IMPLEMENTATIONS = YES;
				CLANG_WARN_DIRECT_OBJC_ISA_USAGE = YES_ERROR;
				CLANG_WARN_DOCUMENTATION_COMMENTS = YES;
				CLANG_WARN_EMPTY_BODY = YES;
				CLANG_WARN_ENUM_CONVERSION = YES;
				CLANG_WARN_INFINITE_RECURSION = YES;
				CLANG_WARN_INT_CONVERSION = YES;
				CLANG_WARN_NON_LITERAL_NULL_CONVERSION = YES;
				CLANG_WARN_OBJC_IMPLICIT_RETAIN_SELF = YES;
				CLANG_WARN_OBJC_LITERAL_CONVERSION = YES;
				CLANG_WARN_OBJC_ROOT_CLASS = YES_ERROR;
				CLANG_WARN_RANGE_LOOP_ANALYSIS = YES;
				CLANG_WARN_STRICT_PROTOTYPES = YES;
				CLANG_WARN_SUSPICIOUS_MOVE = YES;
				CLANG_WARN_UNGUARDED_AVAILABILITY = YES_AGGRESSIVE;
				CLANG_WARN_UNREACHABLE_CODE = YES;
				CLANG_WARN__DUPLICATE_METHOD_MATCH = YES;
				COPY_PHASE_STRIP = NO;
				DEBUG_INFORMATION_FORMAT = dwarf;
				ENABLE_STRICT_OBJC_MSGSEND = YES;
				ENABLE_TESTABILITY = YES;
				GCC_C_LANGUAGE_STANDARD = gnu11;
				GCC_DYNAMIC_NO_PIC = NO;
				GCC_NO_COMMON_BLOCKS = YES;
				GCC_OPTIMIZATION_LEVEL = 0;
				GCC_PREPROCESSOR_DEFINITIONS = (
					"DEBUG=1",
					"$(inherited)",
				);
				GCC_WARN_64_TO_32_BIT_CONVERSION = YES;
				GCC_WARN_ABOUT_RETURN_TYPE = YES_ERROR;
				GCC_WARN_UNDECLARED_SELECTOR = YES;
				GCC_WARN_UNINITIALIZED_AUTOS = YES_AGGRESSIVE;
				GCC_WARN_UNUSED_FUNCTION = YES;
				GCC_WARN_UNUSED_VARIABLE = YES;
				IPHONEOS_DEPLOYMENT_TARGET = 13.6;
				MTL_ENABLE_DEBUG_INFO = INCLUDE_SOURCE;
				MTL_FAST_MATH = YES;
				ONLY_ACTIVE_ARCH = YES;
				SDKROOT = iphoneos;
			};
			name = Debug;
		};
		2D53B64824DBF9FC000189CB /* Release */ = {
			isa = XCBuildConfiguration;
			buildSettings = {
				ALWAYS_SEARCH_USER_PATHS = NO;
				CLANG_ANALYZER_NONNULL = YES;
				CLANG_ANALYZER_NUMBER_OBJECT_CONVERSION = YES_AGGRESSIVE;
				CLANG_CXX_LANGUAGE_STANDARD = "gnu++14";
				CLANG_CXX_LIBRARY = "libc++";
				CLANG_ENABLE_MODULES = YES;
				CLANG_ENABLE_OBJC_ARC = YES;
				CLANG_ENABLE_OBJC_WEAK = YES;
				CLANG_WARN_BLOCK_CAPTURE_AUTORELEASING = YES;
				CLANG_WARN_BOOL_CONVERSION = YES;
				CLANG_WARN_COMMA = YES;
				CLANG_WARN_CONSTANT_CONVERSION = YES;
				CLANG_WARN_DEPRECATED_OBJC_IMPLEMENTATIONS = YES;
				CLANG_WARN_DIRECT_OBJC_ISA_USAGE = YES_ERROR;
				CLANG_WARN_DOCUMENTATION_COMMENTS = YES;
				CLANG_WARN_EMPTY_BODY = YES;
				CLANG_WARN_ENUM_CONVERSION = YES;
				CLANG_WARN_INFINITE_RECURSION = YES;
				CLANG_WARN_INT_CONVERSION = YES;
				CLANG_WARN_NON_LITERAL_NULL_CONVERSION = YES;
				CLANG_WARN_OBJC_IMPLICIT_RETAIN_SELF = YES;
				CLANG_WARN_OBJC_LITERAL_CONVERSION = YES;
				CLANG_WARN_OBJC_ROOT_CLASS = YES_ERROR;
				CLANG_WARN_RANGE_LOOP_ANALYSIS = YES;
				CLANG_WARN_STRICT_PROTOTYPES = YES;
				CLANG_WARN_SUSPICIOUS_MOVE = YES;
				CLANG_WARN_UNGUARDED_AVAILABILITY = YES_AGGRESSIVE;
				CLANG_WARN_UNREACHABLE_CODE = YES;
				CLANG_WARN__DUPLICATE_METHOD_MATCH = YES;
				COPY_PHASE_STRIP = NO;
				DEBUG_INFORMATION_FORMAT = "dwarf-with-dsym";
				ENABLE_NS_ASSERTIONS = NO;
				ENABLE_STRICT_OBJC_MSGSEND = YES;
				GCC_C_LANGUAGE_STANDARD = gnu11;
				GCC_NO_COMMON_BLOCKS = YES;
				GCC_WARN_64_TO_32_BIT_CONVERSION = YES;
				GCC_WARN_ABOUT_RETURN_TYPE = YES_ERROR;
				GCC_WARN_UNDECLARED_SELECTOR = YES;
				GCC_WARN_UNINITIALIZED_AUTOS = YES_AGGRESSIVE;
				GCC_WARN_UNUSED_FUNCTION = YES;
				GCC_WARN_UNUSED_VARIABLE = YES;
				IPHONEOS_DEPLOYMENT_TARGET = 13.6;
				MTL_ENABLE_DEBUG_INFO = NO;
				MTL_FAST_MATH = YES;
				SDKROOT = iphoneos;
				VALIDATE_PRODUCT = YES;
			};
			name = Release;
		};
		2D53B64A24DBF9FC000189CB /* Debug */ = {
			isa = XCBuildConfiguration;
			buildSettings = {
				ASSETCATALOG_COMPILER_APPICON_NAME = AppIcon;
				CODE_SIGN_STYLE = Automatic;
				INFOPLIST_FILE = "OpenGL ES 粒子效果/Info.plist";
				LD_RUNPATH_SEARCH_PATHS = (
					"$(inherited)",
					"@executable_path/Frameworks",
				);
				PRODUCT_BUNDLE_IDENTIFIER = "com.wu.OpenGL-ES-----";
				PRODUCT_NAME = "$(TARGET_NAME)";
				TARGETED_DEVICE_FAMILY = "1,2";
			};
			name = Debug;
		};
		2D53B64B24DBF9FC000189CB /* Release */ = {
			isa = XCBuildConfiguration;
			buildSettings = {
				ASSETCATALOG_COMPILER_APPICON_NAME = AppIcon;
				CODE_SIGN_STYLE = Automatic;
				INFOPLIST_FILE = "OpenGL ES 粒子效果/Info.plist";
				LD_RUNPATH_SEARCH_PATHS = (
					"$(inherited)",
					"@executable_path/Frameworks",
				);
				PRODUCT_BUNDLE_IDENTIFIER = "com.wu.OpenGL-ES-----";
				PRODUCT_NAME = "$(TARGET_NAME)";
				TARGETED_DEVICE_FAMILY = "1,2";
			};
			name = Release;
		};
		2D53B64D24DBF9FC000189CB /* Debug */ = {
			isa = XCBuildConfiguration;
			buildSettings = {
				BUNDLE_LOADER = "$(TEST_HOST)";
				CODE_SIGN_STYLE = Automatic;
				INFOPLIST_FILE = "OpenGL ES 粒子效果Tests/Info.plist";
				IPHONEOS_DEPLOYMENT_TARGET = 13.6;
				LD_RUNPATH_SEARCH_PATHS = (
					"$(inherited)",
					"@executable_path/Frameworks",
					"@loader_path/Frameworks",
				);
				PRODUCT_BUNDLE_IDENTIFIER = "com.wu.OpenGL-ES-----Tests";
				PRODUCT_NAME = "$(TARGET_NAME)";
				TARGETED_DEVICE_FAMILY = "1,2";
				TEST_HOST = "$(BUILT_PRODUCTS_DIR)/OpenGL ES 粒子效果.app/OpenGL ES 粒子效果";
			};
			name = Debug;
		};
		2D53B64E24DBF9FC000189CB /* Release */ = {
			isa = XCBuildConfiguration;
			buildSettings = {
				BUNDLE_LOADER = "$(TEST_HOST)";
				CODE_SIGN_STYLE = Automatic;
				INFOPLIST_FILE = "OpenGL ES 粒子效果Tests/Info.plist";
				IPHONEOS_DEPLOYMENT_TARGET = 13.6;
				LD_RUNPATH_SEARCH_PATHS = (
					"$(inherited)",
					"@executable_path/Frameworks",
					"@loader_path/Frameworks",
				);
				PRODUCT_BUNDLE_IDENTIFIER = "com.wu.OpenGL-ES-----Tests";
				PRODUCT_NAME = "$(TARGET_NAME)";
				TARGETED_DEVICE_FAMILY = "1,2";
				TEST_HOST = "$(BUILT_PRODUCTS_DIR)/OpenGL ES 粒子效果.app/OpenGL ES 粒子效果";
			};
			name = Release;
		};
		2D53B65024DBF9FC000189CB /* Debug */ = {
			isa = XCBuildConfiguration;
			buildSettings = {
				CODE_SIGN_STYLE = Automatic;
				INFOPLIST_FILE = "OpenGL ES 粒子效果UITests/Info.plist";
				LD_RUNPATH_SEARCH_PATHS = (
					"$(inherited)",
					"@executable_path/Frameworks",
					"@loader_path/Frameworks",
				);
				PRODUCT_BUNDLE_IDENTIFIER = "com.wu.OpenGL-ES-----UITests";
				PRODUCT_NAME = "$(TARGET_NAME)";
				TARGETED_DEVICE_FAMILY = "1,2";
				TEST_TARGET_NAME = "OpenGL ES 粒子效果";
			};
			name = Debug;
		};
		2D53B65124DBF9FC000189CB /* Release */ = {
			isa = XCBuildConfiguration;
			buildSettings = {
				CODE_SIGN_STYLE = Automatic;
				INFOPLIST_FILE = "OpenGL ES 粒子效果UITests/Info.plist";
				LD_RUNPATH_SEARCH_PATHS = (
					"$(inherited)",
					"@executable_path/Frameworks",
					"@loader_path/Frameworks",
				);
				PRODUCT_BUNDLE_IDENTIFIER = "com.wu.OpenGL-ES-----UITests";
				PRODUCT_NAME = "$(TARGET_NAME)";
				TARGETED_DEVICE_FAMILY = "1,2";
				TEST_TARGET_NAME = "OpenGL ES 粒子效果";
			};
			name = Release;
		};
/* End XCBuildConfiguration section */

/* Begin XCConfigurationList section */
		2D53B61524DBF9F9000189CB /* Build configuration list for PBXProject "OpenGL ES 粒子效果" */ = {
			isa = XCConfigurationList;
			buildConfigurations = (
				2D53B64724DBF9FC000189CB /* Debug */,
				2D53B64824DBF9FC000189CB /* Release */,
			);
			defaultConfigurationIsVisible = 0;
			defaultConfigurationName = Release;
		};
		2D53B64924DBF9FC000189CB /* Build configuration list for PBXNativeTarget "OpenGL ES 粒子效果" */ = {
			isa = XCConfigurationList;
			buildConfigurations = (
				2D53B64A24DBF9FC000189CB /* Debug */,
				2D53B64B24DBF9FC000189CB /* Release */,
			);
			defaultConfigurationIsVisible = 0;
			defaultConfigurationName = Release;
		};
		2D53B64C24DBF9FC000189CB /* Build configuration list for PBXNativeTarget "OpenGL ES 粒子效果Tests" */ = {
			isa = XCConfigurationList;
			buildConfigurations = (
				2D53B64D24DBF9FC000189CB /* Debug */,
				2D53B64E24DBF9FC000189CB /* Release */,
			);
			defaultConfigurationIsVisible = 0;
			defaultConfigurationName = Release;
		};
		2D53B64F24DBF9FC000189CB /* Build configuration list for PBXNativeTarget "OpenGL ES 粒子效果UITests" */ = {
			isa = XCConfigurationList;
			buildConfigurations = (
				2D53B65024DBF9FC000189CB /* Debug */,
				2D53B65124DBF9FC000189CB /* Release */,
			);
			defaultConfigurationIsVisible = 0;
			defaultConfigurationName = Release;
		};
/* End XCConfigurationList section */
	};
	rootObject = 2D53B61224DBF9F9000189CB /* Project object */;
}
