// !$*UTF8*$!
{
	archiveVersion = 1;
	classes = {
	};
	objectVersion = 50;
	objects = {

/* Begin PBXBuildFile section */
		2DA6351D24EBC7B700273CA9 /* AppDelegate.m in Sources */ = {isa = PBXBuildFile; fileRef = 2DA6351C24EBC7B700273CA9 /* AppDelegate.m */; };
		2DA6352024EBC7B700273CA9 /* SceneDelegate.m in Sources */ = {isa = PBXBuildFile; fileRef = 2DA6351F24EBC7B700273CA9 /* SceneDelegate.m */; };
		2DA6352324EBC7B700273CA9 /* ViewController.m in Sources */ = {isa = PBXBuildFile; fileRef = 2DA6352224EBC7B700273CA9 /* ViewController.m */; };
		2DA6352624EBC7B700273CA9 /* Main.storyboard in Resources */ = {isa = PBXBuildFile; fileRef = 2DA6352424EBC7B700273CA9 /* Main.storyboard */; };
		2DA6352824EBC7BA00273CA9 /* Assets.xcassets in Resources */ = {isa = PBXBuildFile; fileRef = 2DA6352724EBC7BA00273CA9 /* Assets.xcassets */; };
		2DA6352B24EBC7BA00273CA9 /* LaunchScreen.storyboard in Resources */ = {isa = PBXBuildFile; fileRef = 2DA6352924EBC7BA00273CA9 /* LaunchScreen.storyboard */; };
		2DA6352E24EBC7BA00273CA9 /* main.m in Sources */ = {isa = PBXBuildFile; fileRef = 2DA6352D24EBC7BA00273CA9 /* main.m */; };
		2DA6353824EBC7BA00273CA9 /* OpenGL_ES___Tests.m in Sources */ = {isa = PBXBuildFile; fileRef = 2DA6353724EBC7BA00273CA9 /* OpenGL_ES___Tests.m */; };
		2DA6354324EBC7BA00273CA9 /* OpenGL_ES___UITests.m in Sources */ = {isa = PBXBuildFile; fileRef = 2DA6354224EBC7BA00273CA9 /* OpenGL_ES___UITests.m */; };
		2DA6355224EBC7E200273CA9 /* EAGLView.m in Sources */ = {isa = PBXBuildFile; fileRef = 2DA6355124EBC7E200273CA9 /* EAGLView.m */; };
		2DC0F29F24ECF6ED00D631DD /* Normal.vsh in Resources */ = {isa = PBXBuildFile; fileRef = 2DC0F29E24ECF6ED00D631DD /* Normal.vsh */; };
		2DC0F2A124ECF6F900D631DD /* Normal.fsh in Resources */ = {isa = PBXBuildFile; fileRef = 2DC0F2A024ECF6F900D631DD /* Normal.fsh */; };
		2DC0F2A424ED007000D631DD /* biankuang.png in Resources */ = {isa = PBXBuildFile; fileRef = 2DC0F2A224ED007000D631DD /* biankuang.png */; };
		2DC0F2A524ED007000D631DD /* timg.jpeg in Resources */ = {isa = PBXBuildFile; fileRef = 2DC0F2A324ED007000D631DD /* timg.jpeg */; };
/* End PBXBuildFile section */

/* Begin PBXContainerItemProxy section */
		2DA6353424EBC7BA00273CA9 /* PBXContainerItemProxy */ = {
			isa = PBXContainerItemProxy;
			containerPortal = 2DA6351024EBC7B700273CA9 /* Project object */;
			proxyType = 1;
			remoteGlobalIDString = 2DA6351724EBC7B700273CA9;
			remoteInfo = "OpenGL ES大长腿";
		};
		2DA6353F24EBC7BA00273CA9 /* PBXContainerItemProxy */ = {
			isa = PBXContainerItemProxy;
			containerPortal = 2DA6351024EBC7B700273CA9 /* Project object */;
			proxyType = 1;
			remoteGlobalIDString = 2DA6351724EBC7B700273CA9;
			remoteInfo = "OpenGL ES大长腿";
		};
/* End PBXContainerItemProxy section */

/* Begin PBXFileReference section */
		2DA6351824EBC7B700273CA9 /* OpenGL ES大长腿.app */ = {isa = PBXFileReference; explicitFileType = wrapper.application; includeInIndex = 0; path = "OpenGL ES大长腿.app"; sourceTree = BUILT_PRODUCTS_DIR; };
		2DA6351B24EBC7B700273CA9 /* AppDelegate.h */ = {isa = PBXFileReference; lastKnownFileType = sourcecode.c.h; path = AppDelegate.h; sourceTree = "<group>"; };
		2DA6351C24EBC7B700273CA9 /* AppDelegate.m */ = {isa = PBXFileReference; lastKnownFileType = sourcecode.c.objc; path = AppDelegate.m; sourceTree = "<group>"; };
		2DA6351E24EBC7B700273CA9 /* SceneDelegate.h */ = {isa = PBXFileReference; lastKnownFileType = sourcecode.c.h; path = SceneDelegate.h; sourceTree = "<group>"; };
		2DA6351F24EBC7B700273CA9 /* SceneDelegate.m */ = {isa = PBXFileReference; lastKnownFileType = sourcecode.c.objc; path = SceneDelegate.m; sourceTree = "<group>"; };
		2DA6352124EBC7B700273CA9 /* ViewController.h */ = {isa = PBXFileReference; lastKnownFileType = sourcecode.c.h; path = ViewController.h; sourceTree = "<group>"; };
		2DA6352224EBC7B700273CA9 /* ViewController.m */ = {isa = PBXFileReference; lastKnownFileType = sourcecode.c.objc; path = ViewController.m; sourceTree = "<group>"; };
		2DA6352524EBC7B700273CA9 /* Base */ = {isa = PBXFileReference; lastKnownFileType = file.storyboard; name = Base; path = Base.lproj/Main.storyboard; sourceTree = "<group>"; };
		2DA6352724EBC7BA00273CA9 /* Assets.xcassets */ = {isa = PBXFileReference; lastKnownFileType = folder.assetcatalog; path = Assets.xcassets; sourceTree = "<group>"; };
		2DA6352A24EBC7BA00273CA9 /* Base */ = {isa = PBXFileReference; lastKnownFileType = file.storyboard; name = Base; path = Base.lproj/LaunchScreen.storyboard; sourceTree = "<group>"; };
		2DA6352C24EBC7BA00273CA9 /* Info.plist */ = {isa = PBXFileReference; lastKnownFileType = text.plist.xml; path = Info.plist; sourceTree = "<group>"; };
		2DA6352D24EBC7BA00273CA9 /* main.m */ = {isa = PBXFileReference; lastKnownFileType = sourcecode.c.objc; path = main.m; sourceTree = "<group>"; };
		2DA6353324EBC7BA00273CA9 /* OpenGL ES大长腿Tests.xctest */ = {isa = PBXFileReference; explicitFileType = wrapper.cfbundle; includeInIndex = 0; path = "OpenGL ES大长腿Tests.xctest"; sourceTree = BUILT_PRODUCTS_DIR; };
		2DA6353724EBC7BA00273CA9 /* OpenGL_ES___Tests.m */ = {isa = PBXFileReference; lastKnownFileType = sourcecode.c.objc; path = "OpenGL_ES___Tests.m"; sourceTree = "<group>"; };
		2DA6353924EBC7BA00273CA9 /* Info.plist */ = {isa = PBXFileReference; lastKnownFileType = text.plist.xml; path = Info.plist; sourceTree = "<group>"; };
		2DA6353E24EBC7BA00273CA9 /* OpenGL ES大长腿UITests.xctest */ = {isa = PBXFileReference; explicitFileType = wrapper.cfbundle; includeInIndex = 0; path = "OpenGL ES大长腿UITests.xctest"; sourceTree = BUILT_PRODUCTS_DIR; };
		2DA6354224EBC7BA00273CA9 /* OpenGL_ES___UITests.m */ = {isa = PBXFileReference; lastKnownFileType = sourcecode.c.objc; path = "OpenGL_ES___UITests.m"; sourceTree = "<group>"; };
		2DA6354424EBC7BA00273CA9 /* Info.plist */ = {isa = PBXFileReference; lastKnownFileType = text.plist.xml; path = Info.plist; sourceTree = "<group>"; };
		2DA6355024EBC7E200273CA9 /* EAGLView.h */ = {isa = PBXFileReference; lastKnownFileType = sourcecode.c.h; path = EAGLView.h; sourceTree = "<group>"; };
		2DA6355124EBC7E200273CA9 /* EAGLView.m */ = {isa = PBXFileReference; lastKnownFileType = sourcecode.c.objc; path = EAGLView.m; sourceTree = "<group>"; };
		2DC0F29E24ECF6ED00D631DD /* Normal.vsh */ = {isa = PBXFileReference; lastKnownFileType = sourcecode.glsl; path = Normal.vsh; sourceTree = "<group>"; };
		2DC0F2A024ECF6F900D631DD /* Normal.fsh */ = {isa = PBXFileReference; lastKnownFileType = sourcecode.glsl; path = Normal.fsh; sourceTree = "<group>"; };
		2DC0F2A224ED007000D631DD /* biankuang.png */ = {isa = PBXFileReference; lastKnownFileType = image.png; name = biankuang.png; path = "../../../OpenGL ES 滤镜1/OpenGL ES 滤镜1/biankuang.png"; sourceTree = "<group>"; };
		2DC0F2A324ED007000D631DD /* timg.jpeg */ = {isa = PBXFileReference; lastKnownFileType = image.jpeg; name = timg.jpeg; path = "../../../OpenGL ES 纹理与颜色混合/OpenGL ES 索引绘图/timg.jpeg"; sourceTree = "<group>"; };
/* End PBXFileReference section */

/* Begin PBXFrameworksBuildPhase section */
		2DA6351524EBC7B700273CA9 /* Frameworks */ = {
			isa = PBXFrameworksBuildPhase;
			buildActionMask = 2147483647;
			files = (
			);
			runOnlyForDeploymentPostprocessing = 0;
		};
		2DA6353024EBC7BA00273CA9 /* Frameworks */ = {
			isa = PBXFrameworksBuildPhase;
			buildActionMask = 2147483647;
			files = (
			);
			runOnlyForDeploymentPostprocessing = 0;
		};
		2DA6353B24EBC7BA00273CA9 /* Frameworks */ = {
			isa = PBXFrameworksBuildPhase;
			buildActionMask = 2147483647;
			files = (
			);
			runOnlyForDeploymentPostprocessing = 0;
		};
/* End PBXFrameworksBuildPhase section */

/* Begin PBXGroup section */
		2DA6350F24EBC7B700273CA9 = {
			isa = PBXGroup;
			children = (
				2DA6351A24EBC7B700273CA9 /* OpenGL ES大长腿 */,
				2DA6353624EBC7BA00273CA9 /* OpenGL ES大长腿Tests */,
				2DA6354124EBC7BA00273CA9 /* OpenGL ES大长腿UITests */,
				2DA6351924EBC7B700273CA9 /* Products */,
			);
			sourceTree = "<group>";
		};
		2DA6351924EBC7B700273CA9 /* Products */ = {
			isa = PBXGroup;
			children = (
				2DA6351824EBC7B700273CA9 /* OpenGL ES大长腿.app */,
				2DA6353324EBC7BA00273CA9 /* OpenGL ES大长腿Tests.xctest */,
				2DA6353E24EBC7BA00273CA9 /* OpenGL ES大长腿UITests.xctest */,
			);
			name = Products;
			sourceTree = "<group>";
		};
		2DA6351A24EBC7B700273CA9 /* OpenGL ES大长腿 */ = {
			isa = PBXGroup;
			children = (
				2DC0F29C24ECF6C800D631DD /* Filter */,
				2DA6351B24EBC7B700273CA9 /* AppDelegate.h */,
				2DA6351C24EBC7B700273CA9 /* AppDelegate.m */,
				2DA6351E24EBC7B700273CA9 /* SceneDelegate.h */,
				2DA6351F24EBC7B700273CA9 /* SceneDelegate.m */,
				2DA6352124EBC7B700273CA9 /* ViewController.h */,
				2DA6352224EBC7B700273CA9 /* ViewController.m */,
				2DA6355024EBC7E200273CA9 /* EAGLView.h */,
				2DA6355124EBC7E200273CA9 /* EAGLView.m */,
				2DA6352424EBC7B700273CA9 /* Main.storyboard */,
				2DA6352724EBC7BA00273CA9 /* Assets.xcassets */,
				2DA6352924EBC7BA00273CA9 /* LaunchScreen.storyboard */,
				2DA6352C24EBC7BA00273CA9 /* Info.plist */,
				2DA6352D24EBC7BA00273CA9 /* main.m */,
			);
			path = "OpenGL ES大长腿";
			sourceTree = "<group>";
		};
		2DA6353624EBC7BA00273CA9 /* OpenGL ES大长腿Tests */ = {
			isa = PBXGroup;
			children = (
				2DA6353724EBC7BA00273CA9 /* OpenGL_ES___Tests.m */,
				2DA6353924EBC7BA00273CA9 /* Info.plist */,
			);
			path = "OpenGL ES大长腿Tests";
			sourceTree = "<group>";
		};
		2DA6354124EBC7BA00273CA9 /* OpenGL ES大长腿UITests */ = {
			isa = PBXGroup;
			children = (
				2DA6354224EBC7BA00273CA9 /* OpenGL_ES___UITests.m */,
				2DA6354424EBC7BA00273CA9 /* Info.plist */,
			);
			path = "OpenGL ES大长腿UITests";
			sourceTree = "<group>";
		};
		2DC0F29C24ECF6C800D631DD /* Filter */ = {
			isa = PBXGroup;
			children = (
				2DC0F2A224ED007000D631DD /* biankuang.png */,
				2DC0F2A324ED007000D631DD /* timg.jpeg */,
				2DC0F29D24ECF6D700D631DD /* Normal */,
			);
			path = Filter;
			sourceTree = "<group>";
		};
		2DC0F29D24ECF6D700D631DD /* Normal */ = {
			isa = PBXGroup;
			children = (
				2DC0F29E24ECF6ED00D631DD /* Normal.vsh */,
				2DC0F2A024ECF6F900D631DD /* Normal.fsh */,
			);
			path = Normal;
			sourceTree = "<group>";
		};
/* End PBXGroup section */

/* Begin PBXNativeTarget section */
		2DA6351724EBC7B700273CA9 /* OpenGL ES大长腿 */ = {
			isa = PBXNativeTarget;
			buildConfigurationList = 2DA6354724EBC7BA00273CA9 /* Build configuration list for PBXNativeTarget "OpenGL ES大长腿" */;
			buildPhases = (
				2DA6351424EBC7B700273CA9 /* Sources */,
				2DA6351524EBC7B700273CA9 /* Frameworks */,
				2DA6351624EBC7B700273CA9 /* Resources */,
			);
			buildRules = (
			);
			dependencies = (
			);
			name = "OpenGL ES大长腿";
			productName = "OpenGL ES大长腿";
			productReference = 2DA6351824EBC7B700273CA9 /* OpenGL ES大长腿.app */;
			productType = "com.apple.product-type.application";
		};
		2DA6353224EBC7BA00273CA9 /* OpenGL ES大长腿Tests */ = {
			isa = PBXNativeTarget;
			buildConfigurationList = 2DA6354A24EBC7BA00273CA9 /* Build configuration list for PBXNativeTarget "OpenGL ES大长腿Tests" */;
			buildPhases = (
				2DA6352F24EBC7BA00273CA9 /* Sources */,
				2DA6353024EBC7BA00273CA9 /* Frameworks */,
				2DA6353124EBC7BA00273CA9 /* Resources */,
			);
			buildRules = (
			);
			dependencies = (
				2DA6353524EBC7BA00273CA9 /* PBXTargetDependency */,
			);
			name = "OpenGL ES大长腿Tests";
			productName = "OpenGL ES大长腿Tests";
			productReference = 2DA6353324EBC7BA00273CA9 /* OpenGL ES大长腿Tests.xctest */;
			productType = "com.apple.product-type.bundle.unit-test";
		};
		2DA6353D24EBC7BA00273CA9 /* OpenGL ES大长腿UITests */ = {
			isa = PBXNativeTarget;
			buildConfigurationList = 2DA6354D24EBC7BA00273CA9 /* Build configuration list for PBXNativeTarget "OpenGL ES大长腿UITests" */;
			buildPhases = (
				2DA6353A24EBC7BA00273CA9 /* Sources */,
				2DA6353B24EBC7BA00273CA9 /* Frameworks */,
				2DA6353C24EBC7BA00273CA9 /* Resources */,
			);
			buildRules = (
			);
			dependencies = (
				2DA6354024EBC7BA00273CA9 /* PBXTargetDependency */,
			);
			name = "OpenGL ES大长腿UITests";
			productName = "OpenGL ES大长腿UITests";
			productReference = 2DA6353E24EBC7BA00273CA9 /* OpenGL ES大长腿UITests.xctest */;
			productType = "com.apple.product-type.bundle.ui-testing";
		};
/* End PBXNativeTarget section */

/* Begin PBXProject section */
		2DA6351024EBC7B700273CA9 /* Project object */ = {
			isa = PBXProject;
			attributes = {
				LastUpgradeCheck = 1160;
				ORGANIZATIONNAME = "吴闯";
				TargetAttributes = {
					2DA6351724EBC7B700273CA9 = {
						CreatedOnToolsVersion = 11.6;
					};
					2DA6353224EBC7BA00273CA9 = {
						CreatedOnToolsVersion = 11.6;
						TestTargetID = 2DA6351724EBC7B700273CA9;
					};
					2DA6353D24EBC7BA00273CA9 = {
						CreatedOnToolsVersion = 11.6;
						TestTargetID = 2DA6351724EBC7B700273CA9;
					};
				};
			};
			buildConfigurationList = 2DA6351324EBC7B700273CA9 /* Build configuration list for PBXProject "OpenGL ES大长腿" */;
			compatibilityVersion = "Xcode 9.3";
			developmentRegion = en;
			hasScannedForEncodings = 0;
			knownRegions = (
				en,
				Base,
			);
			mainGroup = 2DA6350F24EBC7B700273CA9;
			productRefGroup = 2DA6351924EBC7B700273CA9 /* Products */;
			projectDirPath = "";
			projectRoot = "";
			targets = (
				2DA6351724EBC7B700273CA9 /* OpenGL ES大长腿 */,
				2DA6353224EBC7BA00273CA9 /* OpenGL ES大长腿Tests */,
				2DA6353D24EBC7BA00273CA9 /* OpenGL ES大长腿UITests */,
			);
		};
/* End PBXProject section */

/* Begin PBXResourcesBuildPhase section */
		2DA6351624EBC7B700273CA9 /* Resources */ = {
			isa = PBXResourcesBuildPhase;
			buildActionMask = 2147483647;
			files = (
				2DC0F2A124ECF6F900D631DD /* Normal.fsh in Resources */,
				2DC0F2A524ED007000D631DD /* timg.jpeg in Resources */,
				2DA6352B24EBC7BA00273CA9 /* LaunchScreen.storyboard in Resources */,
				2DA6352824EBC7BA00273CA9 /* Assets.xcassets in Resources */,
				2DC0F29F24ECF6ED00D631DD /* Normal.vsh in Resources */,
				2DC0F2A424ED007000D631DD /* biankuang.png in Resources */,
				2DA6352624EBC7B700273CA9 /* Main.storyboard in Resources */,
			);
			runOnlyForDeploymentPostprocessing = 0;
		};
		2DA6353124EBC7BA00273CA9 /* Resources */ = {
			isa = PBXResourcesBuildPhase;
			buildActionMask = 2147483647;
			files = (
			);
			runOnlyForDeploymentPostprocessing = 0;
		};
		2DA6353C24EBC7BA00273CA9 /* Resources */ = {
			isa = PBXResourcesBuildPhase;
			buildActionMask = 2147483647;
			files = (
			);
			runOnlyForDeploymentPostprocessing = 0;
		};
/* End PBXResourcesBuildPhase section */

/* Begin PBXSourcesBuildPhase section */
		2DA6351424EBC7B700273CA9 /* Sources */ = {
			isa = PBXSourcesBuildPhase;
			buildActionMask = 2147483647;
			files = (
				2DA6352324EBC7B700273CA9 /* ViewController.m in Sources */,
				2DA6351D24EBC7B700273CA9 /* AppDelegate.m in Sources */,
				2DA6352E24EBC7BA00273CA9 /* main.m in Sources */,
				2DA6355224EBC7E200273CA9 /* EAGLView.m in Sources */,
				2DA6352024EBC7B700273CA9 /* SceneDelegate.m in Sources */,
			);
			runOnlyForDeploymentPostprocessing = 0;
		};
		2DA6352F24EBC7BA00273CA9 /* Sources */ = {
			isa = PBXSourcesBuildPhase;
			buildActionMask = 2147483647;
			files = (
				2DA6353824EBC7BA00273CA9 /* OpenGL_ES___Tests.m in Sources */,
			);
			runOnlyForDeploymentPostprocessing = 0;
		};
		2DA6353A24EBC7BA00273CA9 /* Sources */ = {
			isa = PBXSourcesBuildPhase;
			buildActionMask = 2147483647;
			files = (
				2DA6354324EBC7BA00273CA9 /* OpenGL_ES___UITests.m in Sources */,
			);
			runOnlyForDeploymentPostprocessing = 0;
		};
/* End PBXSourcesBuildPhase section */

/* Begin PBXTargetDependency section */
		2DA6353524EBC7BA00273CA9 /* PBXTargetDependency */ = {
			isa = PBXTargetDependency;
			target = 2DA6351724EBC7B700273CA9 /* OpenGL ES大长腿 */;
			targetProxy = 2DA6353424EBC7BA00273CA9 /* PBXContainerItemProxy */;
		};
		2DA6354024EBC7BA00273CA9 /* PBXTargetDependency */ = {
			isa = PBXTargetDependency;
			target = 2DA6351724EBC7B700273CA9 /* OpenGL ES大长腿 */;
			targetProxy = 2DA6353F24EBC7BA00273CA9 /* PBXContainerItemProxy */;
		};
/* End PBXTargetDependency section */

/* Begin PBXVariantGroup section */
		2DA6352424EBC7B700273CA9 /* Main.storyboard */ = {
			isa = PBXVariantGroup;
			children = (
				2DA6352524EBC7B700273CA9 /* Base */,
			);
			name = Main.storyboard;
			sourceTree = "<group>";
		};
		2DA6352924EBC7BA00273CA9 /* LaunchScreen.storyboard */ = {
			isa = PBXVariantGroup;
			children = (
				2DA6352A24EBC7BA00273CA9 /* Base */,
			);
			name = LaunchScreen.storyboard;
			sourceTree = "<group>";
		};
/* End PBXVariantGroup section */

/* Begin XCBuildConfiguration section */
		2DA6354524EBC7BA00273CA9 /* Debug */ = {
			isa = XCBuildConfiguration;
			buildSettings = {
				ALWAYS_SEARCH_USER_PATHS = NO;
				CLANG_ANALYZER_NONNULL = YES;
				CLANG_ANALYZER_NUMBER_OBJECT_CONVERSION = YES_AGGRESSIVE;
				CLANG_CXX_LANGUAGE_STANDARD = "gnu++14";
				CLANG_CXX_LIBRARY = "libc++";
				CLANG_ENABLE_MODULES = YES;
				CLANG_ENABLE_OBJC_ARC = YES;
				CLANG_ENABLE_OBJC_WEAK = YES;
				CLANG_WARN_BLOCK_CAPTURE_AUTORELEASING = YES;
				CLANG_WARN_BOOL_CONVERSION = YES;
				CLANG_WARN_COMMA = YES;
				CLANG_WARN_CONSTANT_CONVERSION = YES;
				CLANG_WARN_DEPRECATED_OBJC_IMPLEMENTATIONS = YES;
				CLANG_WARN_DIRECT_OBJC_ISA_USAGE = YES_ERROR;
				CLANG_WARN_DOCUMENTATION_COMMENTS = YES;
				CLANG_WARN_EMPTY_BODY = YES;
				CLANG_WARN_ENUM_CONVERSION = YES;
				CLANG_WARN_INFINITE_RECURSION = YES;
				CLANG_WARN_INT_CONVERSION = YES;
				CLANG_WARN_NON_LITERAL_NULL_CONVERSION = YES;
				CLANG_WARN_OBJC_IMPLICIT_RETAIN_SELF = YES;
				CLANG_WARN_OBJC_LITERAL_CONVERSION = YES;
				CLANG_WARN_OBJC_ROOT_CLASS = YES_ERROR;
				CLANG_WARN_RANGE_LOOP_ANALYSIS = YES;
				CLANG_WARN_STRICT_PROTOTYPES = YES;
				CLANG_WARN_SUSPICIOUS_MOVE = YES;
				CLANG_WARN_UNGUARDED_AVAILABILITY = YES_AGGRESSIVE;
				CLANG_WARN_UNREACHABLE_CODE = YES;
				CLANG_WARN__DUPLICATE_METHOD_MATCH = YES;
				COPY_PHASE_STRIP = NO;
				DEBUG_INFORMATION_FORMAT = dwarf;
				ENABLE_STRICT_OBJC_MSGSEND = YES;
				ENABLE_TESTABILITY = YES;
				GCC_C_LANGUAGE_STANDARD = gnu11;
				GCC_DYNAMIC_NO_PIC = NO;
				GCC_NO_COMMON_BLOCKS = YES;
				GCC_OPTIMIZATION_LEVEL = 0;
				GCC_PREPROCESSOR_DEFINITIONS = (
					"DEBUG=1",
					"$(inherited)",
				);
				GCC_WARN_64_TO_32_BIT_CONVERSION = YES;
				GCC_WARN_ABOUT_RETURN_TYPE = YES_ERROR;
				GCC_WARN_UNDECLARED_SELECTOR = YES;
				GCC_WARN_UNINITIALIZED_AUTOS = YES_AGGRESSIVE;
				GCC_WARN_UNUSED_FUNCTION = YES;
				GCC_WARN_UNUSED_VARIABLE = YES;
				IPHONEOS_DEPLOYMENT_TARGET = 9.0;
				MTL_ENABLE_DEBUG_INFO = INCLUDE_SOURCE;
				MTL_FAST_MATH = YES;
				ONLY_ACTIVE_ARCH = YES;
				SDKROOT = iphoneos;
			};
			name = Debug;
		};
		2DA6354624EBC7BA00273CA9 /* Release */ = {
			isa = XCBuildConfiguration;
			buildSettings = {
				ALWAYS_SEARCH_USER_PATHS = NO;
				CLANG_ANALYZER_NONNULL = YES;
				CLANG_ANALYZER_NUMBER_OBJECT_CONVERSION = YES_AGGRESSIVE;
				CLANG_CXX_LANGUAGE_STANDARD = "gnu++14";
				CLANG_CXX_LIBRARY = "libc++";
				CLANG_ENABLE_MODULES = YES;
				CLANG_ENABLE_OBJC_ARC = YES;
				CLANG_ENABLE_OBJC_WEAK = YES;
				CLANG_WARN_BLOCK_CAPTURE_AUTORELEASING = YES;
				CLANG_WARN_BOOL_CONVERSION = YES;
				CLANG_WARN_COMMA = YES;
				CLANG_WARN_CONSTANT_CONVERSION = YES;
				CLANG_WARN_DEPRECATED_OBJC_IMPLEMENTATIONS = YES;
				CLANG_WARN_DIRECT_OBJC_ISA_USAGE = YES_ERROR;
				CLANG_WARN_DOCUMENTATION_COMMENTS = YES;
				CLANG_WARN_EMPTY_BODY = YES;
				CLANG_WARN_ENUM_CONVERSION = YES;
				CLANG_WARN_INFINITE_RECURSION = YES;
				CLANG_WARN_INT_CONVERSION = YES;
				CLANG_WARN_NON_LITERAL_NULL_CONVERSION = YES;
				CLANG_WARN_OBJC_IMPLICIT_RETAIN_SELF = YES;
				CLANG_WARN_OBJC_LITERAL_CONVERSION = YES;
				CLANG_WARN_OBJC_ROOT_CLASS = YES_ERROR;
				CLANG_WARN_RANGE_LOOP_ANALYSIS = YES;
				CLANG_WARN_STRICT_PROTOTYPES = YES;
				CLANG_WARN_SUSPICIOUS_MOVE = YES;
				CLANG_WARN_UNGUARDED_AVAILABILITY = YES_AGGRESSIVE;
				CLANG_WARN_UNREACHABLE_CODE = YES;
				CLANG_WARN__DUPLICATE_METHOD_MATCH = YES;
				COPY_PHASE_STRIP = NO;
				DEBUG_INFORMATION_FORMAT = "dwarf-with-dsym";
				ENABLE_NS_ASSERTIONS = NO;
				ENABLE_STRICT_OBJC_MSGSEND = YES;
				GCC_C_LANGUAGE_STANDARD = gnu11;
				GCC_NO_COMMON_BLOCKS = YES;
				GCC_WARN_64_TO_32_BIT_CONVERSION = YES;
				GCC_WARN_ABOUT_RETURN_TYPE = YES_ERROR;
				GCC_WARN_UNDECLARED_SELECTOR = YES;
				GCC_WARN_UNINITIALIZED_AUTOS = YES_AGGRESSIVE;
				GCC_WARN_UNUSED_FUNCTION = YES;
				GCC_WARN_UNUSED_VARIABLE = YES;
				IPHONEOS_DEPLOYMENT_TARGET = 9.0;
				MTL_ENABLE_DEBUG_INFO = NO;
				MTL_FAST_MATH = YES;
				SDKROOT = iphoneos;
				VALIDATE_PRODUCT = YES;
			};
			name = Release;
		};
		2DA6354824EBC7BA00273CA9 /* Debug */ = {
			isa = XCBuildConfiguration;
			buildSettings = {
				ASSETCATALOG_COMPILER_APPICON_NAME = AppIcon;
				CODE_SIGN_IDENTITY = "iPhone Developer";
				CODE_SIGN_STYLE = Manual;
				DEVELOPMENT_TEAM = M8BT5E8SES;
				INFOPLIST_FILE = "OpenGL ES大长腿/Info.plist";
				LD_RUNPATH_SEARCH_PATHS = (
					"$(inherited)",
					"@executable_path/Frameworks",
				);
				PRODUCT_BUNDLE_IDENTIFIER = com.seca.zhibotv;
				PRODUCT_NAME = "$(TARGET_NAME)";
				PROVISIONING_PROFILE_SPECIFIER = nucomDev;
				TARGETED_DEVICE_FAMILY = "1,2";
			};
			name = Debug;
		};
		2DA6354924EBC7BA00273CA9 /* Release */ = {
			isa = XCBuildConfiguration;
			buildSettings = {
				ASSETCATALOG_COMPILER_APPICON_NAME = AppIcon;
				CODE_SIGN_IDENTITY = "iPhone Developer";
				CODE_SIGN_STYLE = Manual;
				DEVELOPMENT_TEAM = M8BT5E8SES;
				INFOPLIST_FILE = "OpenGL ES大长腿/Info.plist";
				LD_RUNPATH_SEARCH_PATHS = (
					"$(inherited)",
					"@executable_path/Frameworks",
				);
				PRODUCT_BUNDLE_IDENTIFIER = com.seca.zhibotv;
				PRODUCT_NAME = "$(TARGET_NAME)";
				PROVISIONING_PROFILE_SPECIFIER = nucomDev;
				TARGETED_DEVICE_FAMILY = "1,2";
			};
			name = Release;
		};
		2DA6354B24EBC7BA00273CA9 /* Debug */ = {
			isa = XCBuildConfiguration;
			buildSettings = {
				BUNDLE_LOADER = "$(TEST_HOST)";
				CODE_SIGN_STYLE = Automatic;
				INFOPLIST_FILE = "OpenGL ES大长腿Tests/Info.plist";
				IPHONEOS_DEPLOYMENT_TARGET = 13.6;
				LD_RUNPATH_SEARCH_PATHS = (
					"$(inherited)",
					"@executable_path/Frameworks",
					"@loader_path/Frameworks",
				);
				PRODUCT_BUNDLE_IDENTIFIER = "com.wu.OpenGL-ES---Tests";
				PRODUCT_NAME = "$(TARGET_NAME)";
				TARGETED_DEVICE_FAMILY = "1,2";
				TEST_HOST = "$(BUILT_PRODUCTS_DIR)/OpenGL ES大长腿.app/OpenGL ES大长腿";
			};
			name = Debug;
		};
		2DA6354C24EBC7BA00273CA9 /* Release */ = {
			isa = XCBuildConfiguration;
			buildSettings = {
				BUNDLE_LOADER = "$(TEST_HOST)";
				CODE_SIGN_STYLE = Automatic;
				INFOPLIST_FILE = "OpenGL ES大长腿Tests/Info.plist";
				IPHONEOS_DEPLOYMENT_TARGET = 13.6;
				LD_RUNPATH_SEARCH_PATHS = (
					"$(inherited)",
					"@executable_path/Frameworks",
					"@loader_path/Frameworks",
				);
				PRODUCT_BUNDLE_IDENTIFIER = "com.wu.OpenGL-ES---Tests";
				PRODUCT_NAME = "$(TARGET_NAME)";
				TARGETED_DEVICE_FAMILY = "1,2";
				TEST_HOST = "$(BUILT_PRODUCTS_DIR)/OpenGL ES大长腿.app/OpenGL ES大长腿";
			};
			name = Release;
		};
		2DA6354E24EBC7BA00273CA9 /* Debug */ = {
			isa = XCBuildConfiguration;
			buildSettings = {
				CODE_SIGN_STYLE = Automatic;
				INFOPLIST_FILE = "OpenGL ES大长腿UITests/Info.plist";
				LD_RUNPATH_SEARCH_PATHS = (
					"$(inherited)",
					"@executable_path/Frameworks",
					"@loader_path/Frameworks",
				);
				PRODUCT_BUNDLE_IDENTIFIER = "com.wu.OpenGL-ES---UITests";
				PRODUCT_NAME = "$(TARGET_NAME)";
				TARGETED_DEVICE_FAMILY = "1,2";
				TEST_TARGET_NAME = "OpenGL ES大长腿";
			};
			name = Debug;
		};
		2DA6354F24EBC7BA00273CA9 /* Release */ = {
			isa = XCBuildConfiguration;
			buildSettings = {
				CODE_SIGN_STYLE = Automatic;
				INFOPLIST_FILE = "OpenGL ES大长腿UITests/Info.plist";
				LD_RUNPATH_SEARCH_PATHS = (
					"$(inherited)",
					"@executable_path/Frameworks",
					"@loader_path/Frameworks",
				);
				PRODUCT_BUNDLE_IDENTIFIER = "com.wu.OpenGL-ES---UITests";
				PRODUCT_NAME = "$(TARGET_NAME)";
				TARGETED_DEVICE_FAMILY = "1,2";
				TEST_TARGET_NAME = "OpenGL ES大长腿";
			};
			name = Release;
		};
/* End XCBuildConfiguration section */

/* Begin XCConfigurationList section */
		2DA6351324EBC7B700273CA9 /* Build configuration list for PBXProject "OpenGL ES大长腿" */ = {
			isa = XCConfigurationList;
			buildConfigurations = (
				2DA6354524EBC7BA00273CA9 /* Debug */,
				2DA6354624EBC7BA00273CA9 /* Release */,
			);
			defaultConfigurationIsVisible = 0;
			defaultConfigurationName = Release;
		};
		2DA6354724EBC7BA00273CA9 /* Build configuration list for PBXNativeTarget "OpenGL ES大长腿" */ = {
			isa = XCConfigurationList;
			buildConfigurations = (
				2DA6354824EBC7BA00273CA9 /* Debug */,
				2DA6354924EBC7BA00273CA9 /* Release */,
			);
			defaultConfigurationIsVisible = 0;
			defaultConfigurationName = Release;
		};
		2DA6354A24EBC7BA00273CA9 /* Build configuration list for PBXNativeTarget "OpenGL ES大长腿Tests" */ = {
			isa = XCConfigurationList;
			buildConfigurations = (
				2DA6354B24EBC7BA00273CA9 /* Debug */,
				2DA6354C24EBC7BA00273CA9 /* Release */,
			);
			defaultConfigurationIsVisible = 0;
			defaultConfigurationName = Release;
		};
		2DA6354D24EBC7BA00273CA9 /* Build configuration list for PBXNativeTarget "OpenGL ES大长腿UITests" */ = {
			isa = XCConfigurationList;
			buildConfigurations = (
				2DA6354E24EBC7BA00273CA9 /* Debug */,
				2DA6354F24EBC7BA00273CA9 /* Release */,
			);
			defaultConfigurationIsVisible = 0;
			defaultConfigurationName = Release;
		};
/* End XCConfigurationList section */
	};
	rootObject = 2DA6351024EBC7B700273CA9 /* Project object */;
}
